{
  "version": 1,
  "dependencies": {
    ".NETFramework,Version=v4.7.1": {
      "FSharp.Core": {
        "type": "Direct",
        "requested": "[4.7.0, )",
        "resolved": "4.7.0",
        "contentHash": "6Bf2qzSCaJoP6tTfO+a5muUS7QbyJANqSut73zQvwQ9It5P0ITz9VKseeia2ofco30c55EQ0jA2wf2+A2gpGnw=="
      },
      "Microsoft.NET.Test.Sdk": {
        "type": "Direct",
        "requested": "[16.5.0, )",
        "resolved": "16.5.0",
        "contentHash": "yHZOhVSPuGqgHi+KhHiAZqNY08avkQraXKvgKgDU8c/ztmGzw7gmukkv49EaTq6T3xmp4XroWk3gAlbJHMxl8w==",
        "dependencies": {
          "Microsoft.CodeCoverage": "16.5.0"
        }
      },
      "NUnit": {
        "type": "Direct",
        "requested": "[3.12.0, )",
        "resolved": "3.12.0",
        "contentHash": "3oJTrcUcT9wmweBUwgUf0f1XIYy6RZq2ziV+RM95HMKAJGsHPN2i3MKK1dAPvDPMRLz799Llj4eyu/STB9Q7OA=="
      },
      "NUnit3TestAdapter": {
        "type": "Direct",
        "requested": "[3.16.0, )",
        "resolved": "3.16.0",
        "contentHash": "yK8Y7DYboIz1pSVvjPN4SGGzso8OW5ZZ06kqqkeF4AXKvAeNo2n1bm41mArKk94+lKrD5m6RaWKnvoFk/U+z5w=="
      },
      "Microsoft.CodeCoverage": {
        "type": "Transitive",
        "resolved": "16.5.0",
        "contentHash": "PM5YLtyN45EyUGePJpaNogndlaQPrMgQQXHKMhMESC6KfSVvt+j7+dxBi8NYC6X6dZVysf7ngwhSW3wwvPJRSQ=="
      },
      "project257": {
        "type": "Project"
      },
      "project303": {
        "type": "Project",
        "dependencies": {
          "FSharp.Core": "4.7.0",
          "Project257": "1.0.0"
        }
      }
    }
  }
}