
Microsoft Visual Studio Solution File, Format Version 12.00
# Visual Studio 15
VisualStudioVersion = 15.0.26124.0
MinimumVisualStudioVersion = 15.0.26124.0
Project("{FAE04EC0-301F-11D3-BF4B-00C04F79EFBC}") = "Lib01", "Lib01\Lib01.csproj", "{69B3AF7E-BF00-4521-9B2A-2B48247F1649}"
EndProject
Project("{FAE04EC0-301F-11D3-BF4B-00C04F79EFBC}") = "Lib02", "Lib02\Lib02.csproj", "{8C80F855-165E-440C-9194-B672F5FFA372}"
EndProject
Project("{FAE04EC0-301F-11D3-BF4B-00C04F79EFBC}") = "Lib03", "Lib03\Lib03.csproj", "{92D46630-E815-4B49-8195-BE494B03C6A2}"
EndProject
Project("{FAE04EC0-301F-11D3-BF4B-00C04F79EFBC}") = "Lib04", "Lib04\Lib04.csproj", "{C2D27EB1-51D8-48BD-80D3-EFC5327C9445}"
EndProject
Project("{FAE04EC0-301F-11D3-BF4B-00C04F79EFBC}") = "Lib05", "Lib05\Lib05.csproj", "{962D2D21-0DDD-45C8-98B2-8F29E33CB462}"
EndProject
Project("{FAE04EC0-301F-11D3-BF4B-00C04F79EFBC}") = "Lib06", "Lib06\Lib06.csproj", "{F739F12D-A307-478B-8247-18306D4DDFDD}"
EndProject
Project("{FAE04EC0-301F-11D3-BF4B-00C04F79EFBC}") = "Lib07", "Lib07\Lib07.csproj", "{BB662827-CAC3-452F-A033-CD7AA4763ACE}"
EndProject
Project("{FAE04EC0-301F-11D3-BF4B-00C04F79EFBC}") = "Lib08", "Lib08\Lib08.csproj", "{77C7FF9C-7BF5-4300-A7AE-8E32E7AFE774}"
EndProject
Project("{FAE04EC0-301F-11D3-BF4B-00C04F79EFBC}") = "Lib09", "Lib09\Lib09.csproj", "{DFA25289-4417-4A73-89DE-9F40EC1BFF90}"
EndProject
Project("{FAE04EC0-301F-11D3-BF4B-00C04F79EFBC}") = "Lib10", "Lib10\Lib10.csproj", "{22178032-2BC2-4410-B595-16D9D315C3E5}"
EndProject
Project("{FAE04EC0-301F-11D3-BF4B-00C04F79EFBC}") = "Lib11", "Lib11\Lib11.csproj", "{66826C3E-333F-489F-95D3-9C6586769F15}"
EndProject
Project("{FAE04EC0-301F-11D3-BF4B-00C04F79EFBC}") = "Lib12", "Lib12\Lib12.csproj", "{341159B9-F1E4-436E-9B5C-CB13E74B4D3B}"
EndProject
Project("{FAE04EC0-301F-11D3-BF4B-00C04F79EFBC}") = "Lib13", "Lib13\Lib13.csproj", "{630ED16F-8C92-4C37-8647-270643B0A48A}"
EndProject
Project("{FAE04EC0-301F-11D3-BF4B-00C04F79EFBC}") = "Lib14", "Lib14\Lib14.csproj", "{69FB3FAD-04A6-47F7-B42A-3C4490F230BC}"
EndProject
Project("{FAE04EC0-301F-11D3-BF4B-00C04F79EFBC}") = "Lib15", "Lib15\Lib15.csproj", "{A5E5484F-54AA-4B18-B99F-A19EBD364B81}"
EndProject
Project("{FAE04EC0-301F-11D3-BF4B-00C04F79EFBC}") = "Lib16", "Lib16\Lib16.csproj", "{79A09336-2310-4DD5-B5AF-07AABB0403DE}"
EndProject
Project("{FAE04EC0-301F-11D3-BF4B-00C04F79EFBC}") = "Lib17", "Lib17\Lib17.csproj", "{A50A5B7C-A4DE-4D43-914C-95E1C75B74E5}"
EndProject
Project("{FAE04EC0-301F-11D3-BF4B-00C04F79EFBC}") = "Lib18", "Lib18\Lib18.csproj", "{DBDB9E7B-7D41-446A-B4C5-82FEC3525432}"
EndProject
Project("{FAE04EC0-301F-11D3-BF4B-00C04F79EFBC}") = "Lib19", "Lib19\Lib19.csproj", "{751AD2F2-522D-4189-A9A9-D4B2C0392322}"
EndProject
Project("{FAE04EC0-301F-11D3-BF4B-00C04F79EFBC}") = "Lib20", "Lib20\Lib20.csproj", "{372EC5BF-9D81-412D-8606-0D6ADE70A865}"
EndProject
Project("{FAE04EC0-301F-11D3-BF4B-00C04F79EFBC}") = "Lib21", "Lib21\Lib21.csproj", "{7C3B9448-D64D-43C9-BF5C-78AACBD86F05}"
EndProject
Project("{FAE04EC0-301F-11D3-BF4B-00C04F79EFBC}") = "Lib22", "Lib22\Lib22.csproj", "{FAEFE66E-3C65-4F17-A219-9E2D16FC3397}"
EndProject
Project("{FAE04EC0-301F-11D3-BF4B-00C04F79EFBC}") = "Lib23", "Lib23\Lib23.csproj", "{9AC21FEC-2663-47A4-8F20-C871DFE2F52C}"
EndProject
Project("{FAE04EC0-301F-11D3-BF4B-00C04F79EFBC}") = "Lib24", "Lib24\Lib24.csproj", "{50C9A351-E6D7-4DB0-9B92-33EAA652C8DF}"
EndProject
Project("{FAE04EC0-301F-11D3-BF4B-00C04F79EFBC}") = "Lib25", "Lib25\Lib25.csproj", "{A02B57CB-C90A-489B-A73D-04D5B806E4A5}"
EndProject
Project("{FAE04EC0-301F-11D3-BF4B-00C04F79EFBC}") = "Lib26", "Lib26\Lib26.csproj", "{C4026271-C8C5-43C2-ADCD-AAD376020131}"
EndProject
Project("{FAE04EC0-301F-11D3-BF4B-00C04F79EFBC}") = "Lib27", "Lib27\Lib27.csproj", "{7502027D-65B0-4719-85BF-A13E2DC9D99C}"
EndProject
Project("{FAE04EC0-301F-11D3-BF4B-00C04F79EFBC}") = "Lib28", "Lib28\Lib28.csproj", "{AC184936-0E2C-4F72-B258-707BFE47B617}"
EndProject
Project("{FAE04EC0-301F-11D3-BF4B-00C04F79EFBC}") = "Lib29", "Lib29\Lib29.csproj", "{4AD447DB-4428-4137-91EA-8FB110066AD2}"
EndProject
Project("{FAE04EC0-301F-11D3-BF4B-00C04F79EFBC}") = "Lib30", "Lib30\Lib30.csproj", "{F72F40B1-24A3-4D61-A610-C9CCF0BF3334}"
EndProject
Project("{FAE04EC0-301F-11D3-BF4B-00C04F79EFBC}") = "Lib31", "Lib31\Lib31.csproj", "{D9172B8F-CFDD-4EB7-A9FF-44979845400F}"
EndProject
Project("{FAE04EC0-301F-11D3-BF4B-00C04F79EFBC}") = "Lib32", "Lib32\Lib32.csproj", "{CB41A280-1A4C-4F46-9F03-36776EC31643}"
EndProject
Project("{FAE04EC0-301F-11D3-BF4B-00C04F79EFBC}") = "Lib33", "Lib33\Lib33.csproj", "{8167E8B1-907E-4FAE-ABC6-07108281BCAF}"
EndProject
Project("{FAE04EC0-301F-11D3-BF4B-00C04F79EFBC}") = "Lib34", "Lib34\Lib34.csproj", "{2DAD95D1-980F-477F-AA9D-E8E1C8FA537B}"
EndProject
Project("{FAE04EC0-301F-11D3-BF4B-00C04F79EFBC}") = "Lib35", "Lib35\Lib35.csproj", "{E3E5EC18-DB9E-414F-93A9-BA6CFCDD20E6}"
EndProject
Project("{FAE04EC0-301F-11D3-BF4B-00C04F79EFBC}") = "Lib36", "Lib36\Lib36.csproj", "{46464672-3531-4729-81DB-B86D1ED1F9D4}"
EndProject
Project("{FAE04EC0-301F-11D3-BF4B-00C04F79EFBC}") = "Lib37", "Lib37\Lib37.csproj", "{B228906F-A993-4A2B-8085-2580A2999908}"
EndProject
Project("{FAE04EC0-301F-11D3-BF4B-00C04F79EFBC}") = "Lib38", "Lib38\Lib38.csproj", "{AFEB1C94-1408-4B76-8408-2C4CDB56BE02}"
EndProject
Project("{FAE04EC0-301F-11D3-BF4B-00C04F79EFBC}") = "Lib39", "Lib39\Lib39.csproj", "{B610E738-FA9A-4562-AD7E-DB516CD374C5}"
EndProject
Project("{FAE04EC0-301F-11D3-BF4B-00C04F79EFBC}") = "Lib40", "Lib40\Lib40.csproj", "{E32A717A-24B4-4A1A-B643-25DF0C919518}"
EndProject
Project("{FAE04EC0-301F-11D3-BF4B-00C04F79EFBC}") = "Lib41", "Lib41\Lib41.csproj", "{BEEDD43F-7855-4347-91CD-E358380D2538}"
EndProject
Project("{FAE04EC0-301F-11D3-BF4B-00C04F79EFBC}") = "Lib42", "Lib42\Lib42.csproj", "{C9E6493A-C00F-47A2-BEDD-CD06FD18D2E6}"
EndProject
Project("{FAE04EC0-301F-11D3-BF4B-00C04F79EFBC}") = "Lib43", "Lib43\Lib43.csproj", "{73F19F0C-C4FD-4D96-B3FB-BF639AD1ECBE}"
EndProject
Project("{FAE04EC0-301F-11D3-BF4B-00C04F79EFBC}") = "Lib44", "Lib44\Lib44.csproj", "{1F827AD3-60B0-466C-8ED4-AF6E556B392D}"
EndProject
Project("{FAE04EC0-301F-11D3-BF4B-00C04F79EFBC}") = "Lib45", "Lib45\Lib45.csproj", "{B9F79F93-3884-4440-B2B0-32E2C5C31507}"
EndProject
Project("{FAE04EC0-301F-11D3-BF4B-00C04F79EFBC}") = "Lib46", "Lib46\Lib46.csproj", "{58B1D392-C665-41E1-837E-63B7C433B44A}"
EndProject
Project("{FAE04EC0-301F-11D3-BF4B-00C04F79EFBC}") = "Lib47", "Lib47\Lib47.csproj", "{A85FD246-1941-4432-9E3B-4FAA9B8A88CA}"
EndProject
Project("{FAE04EC0-301F-11D3-BF4B-00C04F79EFBC}") = "Lib48", "Lib48\Lib48.csproj", "{459399DA-BF0B-418A-9A83-1D1A52210AA6}"
EndProject
Project("{FAE04EC0-301F-11D3-BF4B-00C04F79EFBC}") = "Lib49", "Lib49\Lib49.csproj", "{888015FD-3ABC-4634-87AD-5E8B82189D31}"
EndProject
Project("{FAE04EC0-301F-11D3-BF4B-00C04F79EFBC}") = "Lib50", "Lib50\Lib50.csproj", "{FFFB07BD-A4C9-456D-B041-80A431E1E0CB}"
EndProject
Project("{FAE04EC0-301F-11D3-BF4B-00C04F79EFBC}") = "App", "App\App.csproj", "{71838BE0-FF5D-4E6C-885F-FD8804F672CF}"
EndProject
Global
	GlobalSection(SolutionConfigurationPlatforms) = preSolution
		Debug|Any CPU = Debug|Any CPU
		Debug|x64 = Debug|x64
		Debug|x86 = Debug|x86
		Release|Any CPU = Release|Any CPU
		Release|x64 = Release|x64
		Release|x86 = Release|x86
	EndGlobalSection
	GlobalSection(SolutionProperties) = preSolution
		HideSolutionNode = FALSE
	EndGlobalSection
	GlobalSection(ProjectConfigurationPlatforms) = postSolution
		{69B3AF7E-BF00-4521-9B2A-2B48247F1649}.Debug|Any CPU.ActiveCfg = Debug|Any CPU
		{69B3AF7E-BF00-4521-9B2A-2B48247F1649}.Debug|Any CPU.Build.0 = Debug|Any CPU
		{69B3AF7E-BF00-4521-9B2A-2B48247F1649}.Debug|x64.ActiveCfg = Debug|Any CPU
		{69B3AF7E-BF00-4521-9B2A-2B48247F1649}.Debug|x64.Build.0 = Debug|Any CPU
		{69B3AF7E-BF00-4521-9B2A-2B48247F1649}.Debug|x86.ActiveCfg = Debug|Any CPU
		{69B3AF7E-BF00-4521-9B2A-2B48247F1649}.Debug|x86.Build.0 = Debug|Any CPU
		{69B3AF7E-BF00-4521-9B2A-2B48247F1649}.Release|Any CPU.ActiveCfg = Release|Any CPU
		{69B3AF7E-BF00-4521-9B2A-2B48247F1649}.Release|Any CPU.Build.0 = Release|Any CPU
		{69B3AF7E-BF00-4521-9B2A-2B48247F1649}.Release|x64.ActiveCfg = Release|Any CPU
		{69B3AF7E-BF00-4521-9B2A-2B48247F1649}.Release|x64.Build.0 = Release|Any CPU
		{69B3AF7E-BF00-4521-9B2A-2B48247F1649}.Release|x86.ActiveCfg = Release|Any CPU
		{69B3AF7E-BF00-4521-9B2A-2B48247F1649}.Release|x86.Build.0 = Release|Any CPU
		{8C80F855-165E-440C-9194-B672F5FFA372}.Debug|Any CPU.ActiveCfg = Debug|Any CPU
		{8C80F855-165E-440C-9194-B672F5FFA372}.Debug|Any CPU.Build.0 = Debug|Any CPU
		{8C80F855-165E-440C-9194-B672F5FFA372}.Debug|x64.ActiveCfg = Debug|Any CPU
		{8C80F855-165E-440C-9194-B672F5FFA372}.Debug|x64.Build.0 = Debug|Any CPU
		{8C80F855-165E-440C-9194-B672F5FFA372}.Debug|x86.ActiveCfg = Debug|Any CPU
		{8C80F855-165E-440C-9194-B672F5FFA372}.Debug|x86.Build.0 = Debug|Any CPU
		{8C80F855-165E-440C-9194-B672F5FFA372}.Release|Any CPU.ActiveCfg = Release|Any CPU
		{8C80F855-165E-440C-9194-B672F5FFA372}.Release|Any CPU.Build.0 = Release|Any CPU
		{8C80F855-165E-440C-9194-B672F5FFA372}.Release|x64.ActiveCfg = Release|Any CPU
		{8C80F855-165E-440C-9194-B672F5FFA372}.Release|x64.Build.0 = Release|Any CPU
		{8C80F855-165E-440C-9194-B672F5FFA372}.Release|x86.ActiveCfg = Release|Any CPU
		{8C80F855-165E-440C-9194-B672F5FFA372}.Release|x86.Build.0 = Release|Any CPU
		{92D46630-E815-4B49-8195-BE494B03C6A2}.Debug|Any CPU.ActiveCfg = Debug|Any CPU
		{92D46630-E815-4B49-8195-BE494B03C6A2}.Debug|Any CPU.Build.0 = Debug|Any CPU
		{92D46630-E815-4B49-8195-BE494B03C6A2}.Debug|x64.ActiveCfg = Debug|Any CPU
		{92D46630-E815-4B49-8195-BE494B03C6A2}.Debug|x64.Build.0 = Debug|Any CPU
		{92D46630-E815-4B49-8195-BE494B03C6A2}.Debug|x86.ActiveCfg = Debug|Any CPU
		{92D46630-E815-4B49-8195-BE494B03C6A2}.Debug|x86.Build.0 = Debug|Any CPU
		{92D46630-E815-4B49-8195-BE494B03C6A2}.Release|Any CPU.ActiveCfg = Release|Any CPU
		{92D46630-E815-4B49-8195-BE494B03C6A2}.Release|Any CPU.Build.0 = Release|Any CPU
		{92D46630-E815-4B49-8195-BE494B03C6A2}.Release|x64.ActiveCfg = Release|Any CPU
		{92D46630-E815-4B49-8195-BE494B03C6A2}.Release|x64.Build.0 = Release|Any CPU
		{92D46630-E815-4B49-8195-BE494B03C6A2}.Release|x86.ActiveCfg = Release|Any CPU
		{92D46630-E815-4B49-8195-BE494B03C6A2}.Release|x86.Build.0 = Release|Any CPU
		{C2D27EB1-51D8-48BD-80D3-EFC5327C9445}.Debug|Any CPU.ActiveCfg = Debug|Any CPU
		{C2D27EB1-51D8-48BD-80D3-EFC5327C9445}.Debug|Any CPU.Build.0 = Debug|Any CPU
		{C2D27EB1-51D8-48BD-80D3-EFC5327C9445}.Debug|x64.ActiveCfg = Debug|Any CPU
		{C2D27EB1-51D8-48BD-80D3-EFC5327C9445}.Debug|x64.Build.0 = Debug|Any CPU
		{C2D27EB1-51D8-48BD-80D3-EFC5327C9445}.Debug|x86.ActiveCfg = Debug|Any CPU
		{C2D27EB1-51D8-48BD-80D3-EFC5327C9445}.Debug|x86.Build.0 = Debug|Any CPU
		{C2D27EB1-51D8-48BD-80D3-EFC5327C9445}.Release|Any CPU.ActiveCfg = Release|Any CPU
		{C2D27EB1-51D8-48BD-80D3-EFC5327C9445}.Release|Any CPU.Build.0 = Release|Any CPU
		{C2D27EB1-51D8-48BD-80D3-EFC5327C9445}.Release|x64.ActiveCfg = Release|Any CPU
		{C2D27EB1-51D8-48BD-80D3-EFC5327C9445}.Release|x64.Build.0 = Release|Any CPU
		{C2D27EB1-51D8-48BD-80D3-EFC5327C9445}.Release|x86.ActiveCfg = Release|Any CPU
		{C2D27EB1-51D8-48BD-80D3-EFC5327C9445}.Release|x86.Build.0 = Release|Any CPU
		{962D2D21-0DDD-45C8-98B2-8F29E33CB462}.Debug|Any CPU.ActiveCfg = Debug|Any CPU
		{962D2D21-0DDD-45C8-98B2-8F29E33CB462}.Debug|Any CPU.Build.0 = Debug|Any CPU
		{962D2D21-0DDD-45C8-98B2-8F29E33CB462}.Debug|x64.ActiveCfg = Debug|Any CPU
		{962D2D21-0DDD-45C8-98B2-8F29E33CB462}.Debug|x64.Build.0 = Debug|Any CPU
		{962D2D21-0DDD-45C8-98B2-8F29E33CB462}.Debug|x86.ActiveCfg = Debug|Any CPU
		{962D2D21-0DDD-45C8-98B2-8F29E33CB462}.Debug|x86.Build.0 = Debug|Any CPU
		{962D2D21-0DDD-45C8-98B2-8F29E33CB462}.Release|Any CPU.ActiveCfg = Release|Any CPU
		{962D2D21-0DDD-45C8-98B2-8F29E33CB462}.Release|Any CPU.Build.0 = Release|Any CPU
		{962D2D21-0DDD-45C8-98B2-8F29E33CB462}.Release|x64.ActiveCfg = Release|Any CPU
		{962D2D21-0DDD-45C8-98B2-8F29E33CB462}.Release|x64.Build.0 = Release|Any CPU
		{962D2D21-0DDD-45C8-98B2-8F29E33CB462}.Release|x86.ActiveCfg = Release|Any CPU
		{962D2D21-0DDD-45C8-98B2-8F29E33CB462}.Release|x86.Build.0 = Release|Any CPU
		{F739F12D-A307-478B-8247-18306D4DDFDD}.Debug|Any CPU.ActiveCfg = Debug|Any CPU
		{F739F12D-A307-478B-8247-18306D4DDFDD}.Debug|Any CPU.Build.0 = Debug|Any CPU
		{F739F12D-A307-478B-8247-18306D4DDFDD}.Debug|x64.ActiveCfg = Debug|Any CPU
		{F739F12D-A307-478B-8247-18306D4DDFDD}.Debug|x64.Build.0 = Debug|Any CPU
		{F739F12D-A307-478B-8247-18306D4DDFDD}.Debug|x86.ActiveCfg = Debug|Any CPU
		{F739F12D-A307-478B-8247-18306D4DDFDD}.Debug|x86.Build.0 = Debug|Any CPU
		{F739F12D-A307-478B-8247-18306D4DDFDD}.Release|Any CPU.ActiveCfg = Release|Any CPU
		{F739F12D-A307-478B-8247-18306D4DDFDD}.Release|Any CPU.Build.0 = Release|Any CPU
		{F739F12D-A307-478B-8247-18306D4DDFDD}.Release|x64.ActiveCfg = Release|Any CPU
		{F739F12D-A307-478B-8247-18306D4DDFDD}.Release|x64.Build.0 = Release|Any CPU
		{F739F12D-A307-478B-8247-18306D4DDFDD}.Release|x86.ActiveCfg = Release|Any CPU
		{F739F12D-A307-478B-8247-18306D4DDFDD}.Release|x86.Build.0 = Release|Any CPU
		{BB662827-CAC3-452F-A033-CD7AA4763ACE}.Debug|Any CPU.ActiveCfg = Debug|Any CPU
		{BB662827-CAC3-452F-A033-CD7AA4763ACE}.Debug|Any CPU.Build.0 = Debug|Any CPU
		{BB662827-CAC3-452F-A033-CD7AA4763ACE}.Debug|x64.ActiveCfg = Debug|Any CPU
		{BB662827-CAC3-452F-A033-CD7AA4763ACE}.Debug|x64.Build.0 = Debug|Any CPU
		{BB662827-CAC3-452F-A033-CD7AA4763ACE}.Debug|x86.ActiveCfg = Debug|Any CPU
		{BB662827-CAC3-452F-A033-CD7AA4763ACE}.Debug|x86.Build.0 = Debug|Any CPU
		{BB662827-CAC3-452F-A033-CD7AA4763ACE}.Release|Any CPU.ActiveCfg = Release|Any CPU
		{BB662827-CAC3-452F-A033-CD7AA4763ACE}.Release|Any CPU.Build.0 = Release|Any CPU
		{BB662827-CAC3-452F-A033-CD7AA4763ACE}.Release|x64.ActiveCfg = Release|Any CPU
		{BB662827-CAC3-452F-A033-CD7AA4763ACE}.Release|x64.Build.0 = Release|Any CPU
		{BB662827-CAC3-452F-A033-CD7AA4763ACE}.Release|x86.ActiveCfg = Release|Any CPU
		{BB662827-CAC3-452F-A033-CD7AA4763ACE}.Release|x86.Build.0 = Release|Any CPU
		{77C7FF9C-7BF5-4300-A7AE-8E32E7AFE774}.Debug|Any CPU.ActiveCfg = Debug|Any CPU
		{77C7FF9C-7BF5-4300-A7AE-8E32E7AFE774}.Debug|Any CPU.Build.0 = Debug|Any CPU
		{77C7FF9C-7BF5-4300-A7AE-8E32E7AFE774}.Debug|x64.ActiveCfg = Debug|Any CPU
		{77C7FF9C-7BF5-4300-A7AE-8E32E7AFE774}.Debug|x64.Build.0 = Debug|Any CPU
		{77C7FF9C-7BF5-4300-A7AE-8E32E7AFE774}.Debug|x86.ActiveCfg = Debug|Any CPU
		{77C7FF9C-7BF5-4300-A7AE-8E32E7AFE774}.Debug|x86.Build.0 = Debug|Any CPU
		{77C7FF9C-7BF5-4300-A7AE-8E32E7AFE774}.Release|Any CPU.ActiveCfg = Release|Any CPU
		{77C7FF9C-7BF5-4300-A7AE-8E32E7AFE774}.Release|Any CPU.Build.0 = Release|Any CPU
		{77C7FF9C-7BF5-4300-A7AE-8E32E7AFE774}.Release|x64.ActiveCfg = Release|Any CPU
		{77C7FF9C-7BF5-4300-A7AE-8E32E7AFE774}.Release|x64.Build.0 = Release|Any CPU
		{77C7FF9C-7BF5-4300-A7AE-8E32E7AFE774}.Release|x86.ActiveCfg = Release|Any CPU
		{77C7FF9C-7BF5-4300-A7AE-8E32E7AFE774}.Release|x86.Build.0 = Release|Any CPU
		{DFA25289-4417-4A73-89DE-9F40EC1BFF90}.Debug|Any CPU.ActiveCfg = Debug|Any CPU
		{DFA25289-4417-4A73-89DE-9F40EC1BFF90}.Debug|Any CPU.Build.0 = Debug|Any CPU
		{DFA25289-4417-4A73-89DE-9F40EC1BFF90}.Debug|x64.ActiveCfg = Debug|Any CPU
		{DFA25289-4417-4A73-89DE-9F40EC1BFF90}.Debug|x64.Build.0 = Debug|Any CPU
		{DFA25289-4417-4A73-89DE-9F40EC1BFF90}.Debug|x86.ActiveCfg = Debug|Any CPU
		{DFA25289-4417-4A73-89DE-9F40EC1BFF90}.Debug|x86.Build.0 = Debug|Any CPU
		{DFA25289-4417-4A73-89DE-9F40EC1BFF90}.Release|Any CPU.ActiveCfg = Release|Any CPU
		{DFA25289-4417-4A73-89DE-9F40EC1BFF90}.Release|Any CPU.Build.0 = Release|Any CPU
		{DFA25289-4417-4A73-89DE-9F40EC1BFF90}.Release|x64.ActiveCfg = Release|Any CPU
		{DFA25289-4417-4A73-89DE-9F40EC1BFF90}.Release|x64.Build.0 = Release|Any CPU
		{DFA25289-4417-4A73-89DE-9F40EC1BFF90}.Release|x86.ActiveCfg = Release|Any CPU
		{DFA25289-4417-4A73-89DE-9F40EC1BFF90}.Release|x86.Build.0 = Release|Any CPU
		{22178032-2BC2-4410-B595-16D9D315C3E5}.Debug|Any CPU.ActiveCfg = Debug|Any CPU
		{22178032-2BC2-4410-B595-16D9D315C3E5}.Debug|Any CPU.Build.0 = Debug|Any CPU
		{22178032-2BC2-4410-B595-16D9D315C3E5}.Debug|x64.ActiveCfg = Debug|Any CPU
		{22178032-2BC2-4410-B595-16D9D315C3E5}.Debug|x64.Build.0 = Debug|Any CPU
		{22178032-2BC2-4410-B595-16D9D315C3E5}.Debug|x86.ActiveCfg = Debug|Any CPU
		{22178032-2BC2-4410-B595-16D9D315C3E5}.Debug|x86.Build.0 = Debug|Any CPU
		{22178032-2BC2-4410-B595-16D9D315C3E5}.Release|Any CPU.ActiveCfg = Release|Any CPU
		{22178032-2BC2-4410-B595-16D9D315C3E5}.Release|Any CPU.Build.0 = Release|Any CPU
		{22178032-2BC2-4410-B595-16D9D315C3E5}.Release|x64.ActiveCfg = Release|Any CPU
		{22178032-2BC2-4410-B595-16D9D315C3E5}.Release|x64.Build.0 = Release|Any CPU
		{22178032-2BC2-4410-B595-16D9D315C3E5}.Release|x86.ActiveCfg = Release|Any CPU
		{22178032-2BC2-4410-B595-16D9D315C3E5}.Release|x86.Build.0 = Release|Any CPU
		{66826C3E-333F-489F-95D3-9C6586769F15}.Debug|Any CPU.ActiveCfg = Debug|Any CPU
		{66826C3E-333F-489F-95D3-9C6586769F15}.Debug|Any CPU.Build.0 = Debug|Any CPU
		{66826C3E-333F-489F-95D3-9C6586769F15}.Debug|x64.ActiveCfg = Debug|Any CPU
		{66826C3E-333F-489F-95D3-9C6586769F15}.Debug|x64.Build.0 = Debug|Any CPU
		{66826C3E-333F-489F-95D3-9C6586769F15}.Debug|x86.ActiveCfg = Debug|Any CPU
		{66826C3E-333F-489F-95D3-9C6586769F15}.Debug|x86.Build.0 = Debug|Any CPU
		{66826C3E-333F-489F-95D3-9C6586769F15}.Release|Any CPU.ActiveCfg = Release|Any CPU
		{66826C3E-333F-489F-95D3-9C6586769F15}.Release|Any CPU.Build.0 = Release|Any CPU
		{66826C3E-333F-489F-95D3-9C6586769F15}.Release|x64.ActiveCfg = Release|Any CPU
		{66826C3E-333F-489F-95D3-9C6586769F15}.Release|x64.Build.0 = Release|Any CPU
		{66826C3E-333F-489F-95D3-9C6586769F15}.Release|x86.ActiveCfg = Release|Any CPU
		{66826C3E-333F-489F-95D3-9C6586769F15}.Release|x86.Build.0 = Release|Any CPU
		{341159B9-F1E4-436E-9B5C-CB13E74B4D3B}.Debug|Any CPU.ActiveCfg = Debug|Any CPU
		{341159B9-F1E4-436E-9B5C-CB13E74B4D3B}.Debug|Any CPU.Build.0 = Debug|Any CPU
		{341159B9-F1E4-436E-9B5C-CB13E74B4D3B}.Debug|x64.ActiveCfg = Debug|Any CPU
		{341159B9-F1E4-436E-9B5C-CB13E74B4D3B}.Debug|x64.Build.0 = Debug|Any CPU
		{341159B9-F1E4-436E-9B5C-CB13E74B4D3B}.Debug|x86.ActiveCfg = Debug|Any CPU
		{341159B9-F1E4-436E-9B5C-CB13E74B4D3B}.Debug|x86.Build.0 = Debug|Any CPU
		{341159B9-F1E4-436E-9B5C-CB13E74B4D3B}.Release|Any CPU.ActiveCfg = Release|Any CPU
		{341159B9-F1E4-436E-9B5C-CB13E74B4D3B}.Release|Any CPU.Build.0 = Release|Any CPU
		{341159B9-F1E4-436E-9B5C-CB13E74B4D3B}.Release|x64.ActiveCfg = Release|Any CPU
		{341159B9-F1E4-436E-9B5C-CB13E74B4D3B}.Release|x64.Build.0 = Release|Any CPU
		{341159B9-F1E4-436E-9B5C-CB13E74B4D3B}.Release|x86.ActiveCfg = Release|Any CPU
		{341159B9-F1E4-436E-9B5C-CB13E74B4D3B}.Release|x86.Build.0 = Release|Any CPU
		{630ED16F-8C92-4C37-8647-270643B0A48A}.Debug|Any CPU.ActiveCfg = Debug|Any CPU
		{630ED16F-8C92-4C37-8647-270643B0A48A}.Debug|Any CPU.Build.0 = Debug|Any CPU
		{630ED16F-8C92-4C37-8647-270643B0A48A}.Debug|x64.ActiveCfg = Debug|Any CPU
		{630ED16F-8C92-4C37-8647-270643B0A48A}.Debug|x64.Build.0 = Debug|Any CPU
		{630ED16F-8C92-4C37-8647-270643B0A48A}.Debug|x86.ActiveCfg = Debug|Any CPU
		{630ED16F-8C92-4C37-8647-270643B0A48A}.Debug|x86.Build.0 = Debug|Any CPU
		{630ED16F-8C92-4C37-8647-270643B0A48A}.Release|Any CPU.ActiveCfg = Release|Any CPU
		{630ED16F-8C92-4C37-8647-270643B0A48A}.Release|Any CPU.Build.0 = Release|Any CPU
		{630ED16F-8C92-4C37-8647-270643B0A48A}.Release|x64.ActiveCfg = Release|Any CPU
		{630ED16F-8C92-4C37-8647-270643B0A48A}.Release|x64.Build.0 = Release|Any CPU
		{630ED16F-8C92-4C37-8647-270643B0A48A}.Release|x86.ActiveCfg = Release|Any CPU
		{630ED16F-8C92-4C37-8647-270643B0A48A}.Release|x86.Build.0 = Release|Any CPU
		{69FB3FAD-04A6-47F7-B42A-3C4490F230BC}.Debug|Any CPU.ActiveCfg = Debug|Any CPU
		{69FB3FAD-04A6-47F7-B42A-3C4490F230BC}.Debug|Any CPU.Build.0 = Debug|Any CPU
		{69FB3FAD-04A6-47F7-B42A-3C4490F230BC}.Debug|x64.ActiveCfg = Debug|Any CPU
		{69FB3FAD-04A6-47F7-B42A-3C4490F230BC}.Debug|x64.Build.0 = Debug|Any CPU
		{69FB3FAD-04A6-47F7-B42A-3C4490F230BC}.Debug|x86.ActiveCfg = Debug|Any CPU
		{69FB3FAD-04A6-47F7-B42A-3C4490F230BC}.Debug|x86.Build.0 = Debug|Any CPU
		{69FB3FAD-04A6-47F7-B42A-3C4490F230BC}.Release|Any CPU.ActiveCfg = Release|Any CPU
		{69FB3FAD-04A6-47F7-B42A-3C4490F230BC}.Release|Any CPU.Build.0 = Release|Any CPU
		{69FB3FAD-04A6-47F7-B42A-3C4490F230BC}.Release|x64.ActiveCfg = Release|Any CPU
		{69FB3FAD-04A6-47F7-B42A-3C4490F230BC}.Release|x64.Build.0 = Release|Any CPU
		{69FB3FAD-04A6-47F7-B42A-3C4490F230BC}.Release|x86.ActiveCfg = Release|Any CPU
		{69FB3FAD-04A6-47F7-B42A-3C4490F230BC}.Release|x86.Build.0 = Release|Any CPU
		{A5E5484F-54AA-4B18-B99F-A19EBD364B81}.Debug|Any CPU.ActiveCfg = Debug|Any CPU
		{A5E5484F-54AA-4B18-B99F-A19EBD364B81}.Debug|Any CPU.Build.0 = Debug|Any CPU
		{A5E5484F-54AA-4B18-B99F-A19EBD364B81}.Debug|x64.ActiveCfg = Debug|Any CPU
		{A5E5484F-54AA-4B18-B99F-A19EBD364B81}.Debug|x64.Build.0 = Debug|Any CPU
		{A5E5484F-54AA-4B18-B99F-A19EBD364B81}.Debug|x86.ActiveCfg = Debug|Any CPU
		{A5E5484F-54AA-4B18-B99F-A19EBD364B81}.Debug|x86.Build.0 = Debug|Any CPU
		{A5E5484F-54AA-4B18-B99F-A19EBD364B81}.Release|Any CPU.ActiveCfg = Release|Any CPU
		{A5E5484F-54AA-4B18-B99F-A19EBD364B81}.Release|Any CPU.Build.0 = Release|Any CPU
		{A5E5484F-54AA-4B18-B99F-A19EBD364B81}.Release|x64.ActiveCfg = Release|Any CPU
		{A5E5484F-54AA-4B18-B99F-A19EBD364B81}.Release|x64.Build.0 = Release|Any CPU
		{A5E5484F-54AA-4B18-B99F-A19EBD364B81}.Release|x86.ActiveCfg = Release|Any CPU
		{A5E5484F-54AA-4B18-B99F-A19EBD364B81}.Release|x86.Build.0 = Release|Any CPU
		{79A09336-2310-4DD5-B5AF-07AABB0403DE}.Debug|Any CPU.ActiveCfg = Debug|Any CPU
		{79A09336-2310-4DD5-B5AF-07AABB0403DE}.Debug|Any CPU.Build.0 = Debug|Any CPU
		{79A09336-2310-4DD5-B5AF-07AABB0403DE}.Debug|x64.ActiveCfg = Debug|Any CPU
		{79A09336-2310-4DD5-B5AF-07AABB0403DE}.Debug|x64.Build.0 = Debug|Any CPU
		{79A09336-2310-4DD5-B5AF-07AABB0403DE}.Debug|x86.ActiveCfg = Debug|Any CPU
		{79A09336-2310-4DD5-B5AF-07AABB0403DE}.Debug|x86.Build.0 = Debug|Any CPU
		{79A09336-2310-4DD5-B5AF-07AABB0403DE}.Release|Any CPU.ActiveCfg = Release|Any CPU
		{79A09336-2310-4DD5-B5AF-07AABB0403DE}.Release|Any CPU.Build.0 = Release|Any CPU
		{79A09336-2310-4DD5-B5AF-07AABB0403DE}.Release|x64.ActiveCfg = Release|Any CPU
		{79A09336-2310-4DD5-B5AF-07AABB0403DE}.Release|x64.Build.0 = Release|Any CPU
		{79A09336-2310-4DD5-B5AF-07AABB0403DE}.Release|x86.ActiveCfg = Release|Any CPU
		{79A09336-2310-4DD5-B5AF-07AABB0403DE}.Release|x86.Build.0 = Release|Any CPU
		{A50A5B7C-A4DE-4D43-914C-95E1C75B74E5}.Debug|Any CPU.ActiveCfg = Debug|Any CPU
		{A50A5B7C-A4DE-4D43-914C-95E1C75B74E5}.Debug|Any CPU.Build.0 = Debug|Any CPU
		{A50A5B7C-A4DE-4D43-914C-95E1C75B74E5}.Debug|x64.ActiveCfg = Debug|Any CPU
		{A50A5B7C-A4DE-4D43-914C-95E1C75B74E5}.Debug|x64.Build.0 = Debug|Any CPU
		{A50A5B7C-A4DE-4D43-914C-95E1C75B74E5}.Debug|x86.ActiveCfg = Debug|Any CPU
		{A50A5B7C-A4DE-4D43-914C-95E1C75B74E5}.Debug|x86.Build.0 = Debug|Any CPU
		{A50A5B7C-A4DE-4D43-914C-95E1C75B74E5}.Release|Any CPU.ActiveCfg = Release|Any CPU
		{A50A5B7C-A4DE-4D43-914C-95E1C75B74E5}.Release|Any CPU.Build.0 = Release|Any CPU
		{A50A5B7C-A4DE-4D43-914C-95E1C75B74E5}.Release|x64.ActiveCfg = Release|Any CPU
		{A50A5B7C-A4DE-4D43-914C-95E1C75B74E5}.Release|x64.Build.0 = Release|Any CPU
		{A50A5B7C-A4DE-4D43-914C-95E1C75B74E5}.Release|x86.ActiveCfg = Release|Any CPU
		{A50A5B7C-A4DE-4D43-914C-95E1C75B74E5}.Release|x86.Build.0 = Release|Any CPU
		{DBDB9E7B-7D41-446A-B4C5-82FEC3525432}.Debug|Any CPU.ActiveCfg = Debug|Any CPU
		{DBDB9E7B-7D41-446A-B4C5-82FEC3525432}.Debug|Any CPU.Build.0 = Debug|Any CPU
		{DBDB9E7B-7D41-446A-B4C5-82FEC3525432}.Debug|x64.ActiveCfg = Debug|Any CPU
		{DBDB9E7B-7D41-446A-B4C5-82FEC3525432}.Debug|x64.Build.0 = Debug|Any CPU
		{DBDB9E7B-7D41-446A-B4C5-82FEC3525432}.Debug|x86.ActiveCfg = Debug|Any CPU
		{DBDB9E7B-7D41-446A-B4C5-82FEC3525432}.Debug|x86.Build.0 = Debug|Any CPU
		{DBDB9E7B-7D41-446A-B4C5-82FEC3525432}.Release|Any CPU.ActiveCfg = Release|Any CPU
		{DBDB9E7B-7D41-446A-B4C5-82FEC3525432}.Release|Any CPU.Build.0 = Release|Any CPU
		{DBDB9E7B-7D41-446A-B4C5-82FEC3525432}.Release|x64.ActiveCfg = Release|Any CPU
		{DBDB9E7B-7D41-446A-B4C5-82FEC3525432}.Release|x64.Build.0 = Release|Any CPU
		{DBDB9E7B-7D41-446A-B4C5-82FEC3525432}.Release|x86.ActiveCfg = Release|Any CPU
		{DBDB9E7B-7D41-446A-B4C5-82FEC3525432}.Release|x86.Build.0 = Release|Any CPU
		{751AD2F2-522D-4189-A9A9-D4B2C0392322}.Debug|Any CPU.ActiveCfg = Debug|Any CPU
		{751AD2F2-522D-4189-A9A9-D4B2C0392322}.Debug|Any CPU.Build.0 = Debug|Any CPU
		{751AD2F2-522D-4189-A9A9-D4B2C0392322}.Debug|x64.ActiveCfg = Debug|Any CPU
		{751AD2F2-522D-4189-A9A9-D4B2C0392322}.Debug|x64.Build.0 = Debug|Any CPU
		{751AD2F2-522D-4189-A9A9-D4B2C0392322}.Debug|x86.ActiveCfg = Debug|Any CPU
		{751AD2F2-522D-4189-A9A9-D4B2C0392322}.Debug|x86.Build.0 = Debug|Any CPU
		{751AD2F2-522D-4189-A9A9-D4B2C0392322}.Release|Any CPU.ActiveCfg = Release|Any CPU
		{751AD2F2-522D-4189-A9A9-D4B2C0392322}.Release|Any CPU.Build.0 = Release|Any CPU
		{751AD2F2-522D-4189-A9A9-D4B2C0392322}.Release|x64.ActiveCfg = Release|Any CPU
		{751AD2F2-522D-4189-A9A9-D4B2C0392322}.Release|x64.Build.0 = Release|Any CPU
		{751AD2F2-522D-4189-A9A9-D4B2C0392322}.Release|x86.ActiveCfg = Release|Any CPU
		{751AD2F2-522D-4189-A9A9-D4B2C0392322}.Release|x86.Build.0 = Release|Any CPU
		{372EC5BF-9D81-412D-8606-0D6ADE70A865}.Debug|Any CPU.ActiveCfg = Debug|Any CPU
		{372EC5BF-9D81-412D-8606-0D6ADE70A865}.Debug|Any CPU.Build.0 = Debug|Any CPU
		{372EC5BF-9D81-412D-8606-0D6ADE70A865}.Debug|x64.ActiveCfg = Debug|Any CPU
		{372EC5BF-9D81-412D-8606-0D6ADE70A865}.Debug|x64.Build.0 = Debug|Any CPU
		{372EC5BF-9D81-412D-8606-0D6ADE70A865}.Debug|x86.ActiveCfg = Debug|Any CPU
		{372EC5BF-9D81-412D-8606-0D6ADE70A865}.Debug|x86.Build.0 = Debug|Any CPU
		{372EC5BF-9D81-412D-8606-0D6ADE70A865}.Release|Any CPU.ActiveCfg = Release|Any CPU
		{372EC5BF-9D81-412D-8606-0D6ADE70A865}.Release|Any CPU.Build.0 = Release|Any CPU
		{372EC5BF-9D81-412D-8606-0D6ADE70A865}.Release|x64.ActiveCfg = Release|Any CPU
		{372EC5BF-9D81-412D-8606-0D6ADE70A865}.Release|x64.Build.0 = Release|Any CPU
		{372EC5BF-9D81-412D-8606-0D6ADE70A865}.Release|x86.ActiveCfg = Release|Any CPU
		{372EC5BF-9D81-412D-8606-0D6ADE70A865}.Release|x86.Build.0 = Release|Any CPU
		{7C3B9448-D64D-43C9-BF5C-78AACBD86F05}.Debug|Any CPU.ActiveCfg = Debug|Any CPU
		{7C3B9448-D64D-43C9-BF5C-78AACBD86F05}.Debug|Any CPU.Build.0 = Debug|Any CPU
		{7C3B9448-D64D-43C9-BF5C-78AACBD86F05}.Debug|x64.ActiveCfg = Debug|Any CPU
		{7C3B9448-D64D-43C9-BF5C-78AACBD86F05}.Debug|x64.Build.0 = Debug|Any CPU
		{7C3B9448-D64D-43C9-BF5C-78AACBD86F05}.Debug|x86.ActiveCfg = Debug|Any CPU
		{7C3B9448-D64D-43C9-BF5C-78AACBD86F05}.Debug|x86.Build.0 = Debug|Any CPU
		{7C3B9448-D64D-43C9-BF5C-78AACBD86F05}.Release|Any CPU.ActiveCfg = Release|Any CPU
		{7C3B9448-D64D-43C9-BF5C-78AACBD86F05}.Release|Any CPU.Build.0 = Release|Any CPU
		{7C3B9448-D64D-43C9-BF5C-78AACBD86F05}.Release|x64.ActiveCfg = Release|Any CPU
		{7C3B9448-D64D-43C9-BF5C-78AACBD86F05}.Release|x64.Build.0 = Release|Any CPU
		{7C3B9448-D64D-43C9-BF5C-78AACBD86F05}.Release|x86.ActiveCfg = Release|Any CPU
		{7C3B9448-D64D-43C9-BF5C-78AACBD86F05}.Release|x86.Build.0 = Release|Any CPU
		{FAEFE66E-3C65-4F17-A219-9E2D16FC3397}.Debug|Any CPU.ActiveCfg = Debug|Any CPU
		{FAEFE66E-3C65-4F17-A219-9E2D16FC3397}.Debug|Any CPU.Build.0 = Debug|Any CPU
		{FAEFE66E-3C65-4F17-A219-9E2D16FC3397}.Debug|x64.ActiveCfg = Debug|Any CPU
		{FAEFE66E-3C65-4F17-A219-9E2D16FC3397}.Debug|x64.Build.0 = Debug|Any CPU
		{FAEFE66E-3C65-4F17-A219-9E2D16FC3397}.Debug|x86.ActiveCfg = Debug|Any CPU
		{FAEFE66E-3C65-4F17-A219-9E2D16FC3397}.Debug|x86.Build.0 = Debug|Any CPU
		{FAEFE66E-3C65-4F17-A219-9E2D16FC3397}.Release|Any CPU.ActiveCfg = Release|Any CPU
		{FAEFE66E-3C65-4F17-A219-9E2D16FC3397}.Release|Any CPU.Build.0 = Release|Any CPU
		{FAEFE66E-3C65-4F17-A219-9E2D16FC3397}.Release|x64.ActiveCfg = Release|Any CPU
		{FAEFE66E-3C65-4F17-A219-9E2D16FC3397}.Release|x64.Build.0 = Release|Any CPU
		{FAEFE66E-3C65-4F17-A219-9E2D16FC3397}.Release|x86.ActiveCfg = Release|Any CPU
		{FAEFE66E-3C65-4F17-A219-9E2D16FC3397}.Release|x86.Build.0 = Release|Any CPU
		{9AC21FEC-2663-47A4-8F20-C871DFE2F52C}.Debug|Any CPU.ActiveCfg = Debug|Any CPU
		{9AC21FEC-2663-47A4-8F20-C871DFE2F52C}.Debug|Any CPU.Build.0 = Debug|Any CPU
		{9AC21FEC-2663-47A4-8F20-C871DFE2F52C}.Debug|x64.ActiveCfg = Debug|Any CPU
		{9AC21FEC-2663-47A4-8F20-C871DFE2F52C}.Debug|x64.Build.0 = Debug|Any CPU
		{9AC21FEC-2663-47A4-8F20-C871DFE2F52C}.Debug|x86.ActiveCfg = Debug|Any CPU
		{9AC21FEC-2663-47A4-8F20-C871DFE2F52C}.Debug|x86.Build.0 = Debug|Any CPU
		{9AC21FEC-2663-47A4-8F20-C871DFE2F52C}.Release|Any CPU.ActiveCfg = Release|Any CPU
		{9AC21FEC-2663-47A4-8F20-C871DFE2F52C}.Release|Any CPU.Build.0 = Release|Any CPU
		{9AC21FEC-2663-47A4-8F20-C871DFE2F52C}.Release|x64.ActiveCfg = Release|Any CPU
		{9AC21FEC-2663-47A4-8F20-C871DFE2F52C}.Release|x64.Build.0 = Release|Any CPU
		{9AC21FEC-2663-47A4-8F20-C871DFE2F52C}.Release|x86.ActiveCfg = Release|Any CPU
		{9AC21FEC-2663-47A4-8F20-C871DFE2F52C}.Release|x86.Build.0 = Release|Any CPU
		{50C9A351-E6D7-4DB0-9B92-33EAA652C8DF}.Debug|Any CPU.ActiveCfg = Debug|Any CPU
		{50C9A351-E6D7-4DB0-9B92-33EAA652C8DF}.Debug|Any CPU.Build.0 = Debug|Any CPU
		{50C9A351-E6D7-4DB0-9B92-33EAA652C8DF}.Debug|x64.ActiveCfg = Debug|Any CPU
		{50C9A351-E6D7-4DB0-9B92-33EAA652C8DF}.Debug|x64.Build.0 = Debug|Any CPU
		{50C9A351-E6D7-4DB0-9B92-33EAA652C8DF}.Debug|x86.ActiveCfg = Debug|Any CPU
		{50C9A351-E6D7-4DB0-9B92-33EAA652C8DF}.Debug|x86.Build.0 = Debug|Any CPU
		{50C9A351-E6D7-4DB0-9B92-33EAA652C8DF}.Release|Any CPU.ActiveCfg = Release|Any CPU
		{50C9A351-E6D7-4DB0-9B92-33EAA652C8DF}.Release|Any CPU.Build.0 = Release|Any CPU
		{50C9A351-E6D7-4DB0-9B92-33EAA652C8DF}.Release|x64.ActiveCfg = Release|Any CPU
		{50C9A351-E6D7-4DB0-9B92-33EAA652C8DF}.Release|x64.Build.0 = Release|Any CPU
		{50C9A351-E6D7-4DB0-9B92-33EAA652C8DF}.Release|x86.ActiveCfg = Release|Any CPU
		{50C9A351-E6D7-4DB0-9B92-33EAA652C8DF}.Release|x86.Build.0 = Release|Any CPU
		{A02B57CB-C90A-489B-A73D-04D5B806E4A5}.Debug|Any CPU.ActiveCfg = Debug|Any CPU
		{A02B57CB-C90A-489B-A73D-04D5B806E4A5}.Debug|Any CPU.Build.0 = Debug|Any CPU
		{A02B57CB-C90A-489B-A73D-04D5B806E4A5}.Debug|x64.ActiveCfg = Debug|Any CPU
		{A02B57CB-C90A-489B-A73D-04D5B806E4A5}.Debug|x64.Build.0 = Debug|Any CPU
		{A02B57CB-C90A-489B-A73D-04D5B806E4A5}.Debug|x86.ActiveCfg = Debug|Any CPU
		{A02B57CB-C90A-489B-A73D-04D5B806E4A5}.Debug|x86.Build.0 = Debug|Any CPU
		{A02B57CB-C90A-489B-A73D-04D5B806E4A5}.Release|Any CPU.ActiveCfg = Release|Any CPU
		{A02B57CB-C90A-489B-A73D-04D5B806E4A5}.Release|Any CPU.Build.0 = Release|Any CPU
		{A02B57CB-C90A-489B-A73D-04D5B806E4A5}.Release|x64.ActiveCfg = Release|Any CPU
		{A02B57CB-C90A-489B-A73D-04D5B806E4A5}.Release|x64.Build.0 = Release|Any CPU
		{A02B57CB-C90A-489B-A73D-04D5B806E4A5}.Release|x86.ActiveCfg = Release|Any CPU
		{A02B57CB-C90A-489B-A73D-04D5B806E4A5}.Release|x86.Build.0 = Release|Any CPU
		{C4026271-C8C5-43C2-ADCD-AAD376020131}.Debug|Any CPU.ActiveCfg = Debug|Any CPU
		{C4026271-C8C5-43C2-ADCD-AAD376020131}.Debug|Any CPU.Build.0 = Debug|Any CPU
		{C4026271-C8C5-43C2-ADCD-AAD376020131}.Debug|x64.ActiveCfg = Debug|Any CPU
		{C4026271-C8C5-43C2-ADCD-AAD376020131}.Debug|x64.Build.0 = Debug|Any CPU
		{C4026271-C8C5-43C2-ADCD-AAD376020131}.Debug|x86.ActiveCfg = Debug|Any CPU
		{C4026271-C8C5-43C2-ADCD-AAD376020131}.Debug|x86.Build.0 = Debug|Any CPU
		{C4026271-C8C5-43C2-ADCD-AAD376020131}.Release|Any CPU.ActiveCfg = Release|Any CPU
		{C4026271-C8C5-43C2-ADCD-AAD376020131}.Release|Any CPU.Build.0 = Release|Any CPU
		{C4026271-C8C5-43C2-ADCD-AAD376020131}.Release|x64.ActiveCfg = Release|Any CPU
		{C4026271-C8C5-43C2-ADCD-AAD376020131}.Release|x64.Build.0 = Release|Any CPU
		{C4026271-C8C5-43C2-ADCD-AAD376020131}.Release|x86.ActiveCfg = Release|Any CPU
		{C4026271-C8C5-43C2-ADCD-AAD376020131}.Release|x86.Build.0 = Release|Any CPU
		{7502027D-65B0-4719-85BF-A13E2DC9D99C}.Debug|Any CPU.ActiveCfg = Debug|Any CPU
		{7502027D-65B0-4719-85BF-A13E2DC9D99C}.Debug|Any CPU.Build.0 = Debug|Any CPU
		{7502027D-65B0-4719-85BF-A13E2DC9D99C}.Debug|x64.ActiveCfg = Debug|Any CPU
		{7502027D-65B0-4719-85BF-A13E2DC9D99C}.Debug|x64.Build.0 = Debug|Any CPU
		{7502027D-65B0-4719-85BF-A13E2DC9D99C}.Debug|x86.ActiveCfg = Debug|Any CPU
		{7502027D-65B0-4719-85BF-A13E2DC9D99C}.Debug|x86.Build.0 = Debug|Any CPU
		{7502027D-65B0-4719-85BF-A13E2DC9D99C}.Release|Any CPU.ActiveCfg = Release|Any CPU
		{7502027D-65B0-4719-85BF-A13E2DC9D99C}.Release|Any CPU.Build.0 = Release|Any CPU
		{7502027D-65B0-4719-85BF-A13E2DC9D99C}.Release|x64.ActiveCfg = Release|Any CPU
		{7502027D-65B0-4719-85BF-A13E2DC9D99C}.Release|x64.Build.0 = Release|Any CPU
		{7502027D-65B0-4719-85BF-A13E2DC9D99C}.Release|x86.ActiveCfg = Release|Any CPU
		{7502027D-65B0-4719-85BF-A13E2DC9D99C}.Release|x86.Build.0 = Release|Any CPU
		{AC184936-0E2C-4F72-B258-707BFE47B617}.Debug|Any CPU.ActiveCfg = Debug|Any CPU
		{AC184936-0E2C-4F72-B258-707BFE47B617}.Debug|Any CPU.Build.0 = Debug|Any CPU
		{AC184936-0E2C-4F72-B258-707BFE47B617}.Debug|x64.ActiveCfg = Debug|Any CPU
		{AC184936-0E2C-4F72-B258-707BFE47B617}.Debug|x64.Build.0 = Debug|Any CPU
		{AC184936-0E2C-4F72-B258-707BFE47B617}.Debug|x86.ActiveCfg = Debug|Any CPU
		{AC184936-0E2C-4F72-B258-707BFE47B617}.Debug|x86.Build.0 = Debug|Any CPU
		{AC184936-0E2C-4F72-B258-707BFE47B617}.Release|Any CPU.ActiveCfg = Release|Any CPU
		{AC184936-0E2C-4F72-B258-707BFE47B617}.Release|Any CPU.Build.0 = Release|Any CPU
		{AC184936-0E2C-4F72-B258-707BFE47B617}.Release|x64.ActiveCfg = Release|Any CPU
		{AC184936-0E2C-4F72-B258-707BFE47B617}.Release|x64.Build.0 = Release|Any CPU
		{AC184936-0E2C-4F72-B258-707BFE47B617}.Release|x86.ActiveCfg = Release|Any CPU
		{AC184936-0E2C-4F72-B258-707BFE47B617}.Release|x86.Build.0 = Release|Any CPU
		{4AD447DB-4428-4137-91EA-8FB110066AD2}.Debug|Any CPU.ActiveCfg = Debug|Any CPU
		{4AD447DB-4428-4137-91EA-8FB110066AD2}.Debug|Any CPU.Build.0 = Debug|Any CPU
		{4AD447DB-4428-4137-91EA-8FB110066AD2}.Debug|x64.ActiveCfg = Debug|Any CPU
		{4AD447DB-4428-4137-91EA-8FB110066AD2}.Debug|x64.Build.0 = Debug|Any CPU
		{4AD447DB-4428-4137-91EA-8FB110066AD2}.Debug|x86.ActiveCfg = Debug|Any CPU
		{4AD447DB-4428-4137-91EA-8FB110066AD2}.Debug|x86.Build.0 = Debug|Any CPU
		{4AD447DB-4428-4137-91EA-8FB110066AD2}.Release|Any CPU.ActiveCfg = Release|Any CPU
		{4AD447DB-4428-4137-91EA-8FB110066AD2}.Release|Any CPU.Build.0 = Release|Any CPU
		{4AD447DB-4428-4137-91EA-8FB110066AD2}.Release|x64.ActiveCfg = Release|Any CPU
		{4AD447DB-4428-4137-91EA-8FB110066AD2}.Release|x64.Build.0 = Release|Any CPU
		{4AD447DB-4428-4137-91EA-8FB110066AD2}.Release|x86.ActiveCfg = Release|Any CPU
		{4AD447DB-4428-4137-91EA-8FB110066AD2}.Release|x86.Build.0 = Release|Any CPU
		{F72F40B1-24A3-4D61-A610-C9CCF0BF3334}.Debug|Any CPU.ActiveCfg = Debug|Any CPU
		{F72F40B1-24A3-4D61-A610-C9CCF0BF3334}.Debug|Any CPU.Build.0 = Debug|Any CPU
		{F72F40B1-24A3-4D61-A610-C9CCF0BF3334}.Debug|x64.ActiveCfg = Debug|Any CPU
		{F72F40B1-24A3-4D61-A610-C9CCF0BF3334}.Debug|x64.Build.0 = Debug|Any CPU
		{F72F40B1-24A3-4D61-A610-C9CCF0BF3334}.Debug|x86.ActiveCfg = Debug|Any CPU
		{F72F40B1-24A3-4D61-A610-C9CCF0BF3334}.Debug|x86.Build.0 = Debug|Any CPU
		{F72F40B1-24A3-4D61-A610-C9CCF0BF3334}.Release|Any CPU.ActiveCfg = Release|Any CPU
		{F72F40B1-24A3-4D61-A610-C9CCF0BF3334}.Release|Any CPU.Build.0 = Release|Any CPU
		{F72F40B1-24A3-4D61-A610-C9CCF0BF3334}.Release|x64.ActiveCfg = Release|Any CPU
		{F72F40B1-24A3-4D61-A610-C9CCF0BF3334}.Release|x64.Build.0 = Release|Any CPU
		{F72F40B1-24A3-4D61-A610-C9CCF0BF3334}.Release|x86.ActiveCfg = Release|Any CPU
		{F72F40B1-24A3-4D61-A610-C9CCF0BF3334}.Release|x86.Build.0 = Release|Any CPU
		{D9172B8F-CFDD-4EB7-A9FF-44979845400F}.Debug|Any CPU.ActiveCfg = Debug|Any CPU
		{D9172B8F-CFDD-4EB7-A9FF-44979845400F}.Debug|Any CPU.Build.0 = Debug|Any CPU
		{D9172B8F-CFDD-4EB7-A9FF-44979845400F}.Debug|x64.ActiveCfg = Debug|Any CPU
		{D9172B8F-CFDD-4EB7-A9FF-44979845400F}.Debug|x64.Build.0 = Debug|Any CPU
		{D9172B8F-CFDD-4EB7-A9FF-44979845400F}.Debug|x86.ActiveCfg = Debug|Any CPU
		{D9172B8F-CFDD-4EB7-A9FF-44979845400F}.Debug|x86.Build.0 = Debug|Any CPU
		{D9172B8F-CFDD-4EB7-A9FF-44979845400F}.Release|Any CPU.ActiveCfg = Release|Any CPU
		{D9172B8F-CFDD-4EB7-A9FF-44979845400F}.Release|Any CPU.Build.0 = Release|Any CPU
		{D9172B8F-CFDD-4EB7-A9FF-44979845400F}.Release|x64.ActiveCfg = Release|Any CPU
		{D9172B8F-CFDD-4EB7-A9FF-44979845400F}.Release|x64.Build.0 = Release|Any CPU
		{D9172B8F-CFDD-4EB7-A9FF-44979845400F}.Release|x86.ActiveCfg = Release|Any CPU
		{D9172B8F-CFDD-4EB7-A9FF-44979845400F}.Release|x86.Build.0 = Release|Any CPU
		{CB41A280-1A4C-4F46-9F03-36776EC31643}.Debug|Any CPU.ActiveCfg = Debug|Any CPU
		{CB41A280-1A4C-4F46-9F03-36776EC31643}.Debug|Any CPU.Build.0 = Debug|Any CPU
		{CB41A280-1A4C-4F46-9F03-36776EC31643}.Debug|x64.ActiveCfg = Debug|Any CPU
		{CB41A280-1A4C-4F46-9F03-36776EC31643}.Debug|x64.Build.0 = Debug|Any CPU
		{CB41A280-1A4C-4F46-9F03-36776EC31643}.Debug|x86.ActiveCfg = Debug|Any CPU
		{CB41A280-1A4C-4F46-9F03-36776EC31643}.Debug|x86.Build.0 = Debug|Any CPU
		{CB41A280-1A4C-4F46-9F03-36776EC31643}.Release|Any CPU.ActiveCfg = Release|Any CPU
		{CB41A280-1A4C-4F46-9F03-36776EC31643}.Release|Any CPU.Build.0 = Release|Any CPU
		{CB41A280-1A4C-4F46-9F03-36776EC31643}.Release|x64.ActiveCfg = Release|Any CPU
		{CB41A280-1A4C-4F46-9F03-36776EC31643}.Release|x64.Build.0 = Release|Any CPU
		{CB41A280-1A4C-4F46-9F03-36776EC31643}.Release|x86.ActiveCfg = Release|Any CPU
		{CB41A280-1A4C-4F46-9F03-36776EC31643}.Release|x86.Build.0 = Release|Any CPU
		{8167E8B1-907E-4FAE-ABC6-07108281BCAF}.Debug|Any CPU.ActiveCfg = Debug|Any CPU
		{8167E8B1-907E-4FAE-ABC6-07108281BCAF}.Debug|Any CPU.Build.0 = Debug|Any CPU
		{8167E8B1-907E-4FAE-ABC6-07108281BCAF}.Debug|x64.ActiveCfg = Debug|Any CPU
		{8167E8B1-907E-4FAE-ABC6-07108281BCAF}.Debug|x64.Build.0 = Debug|Any CPU
		{8167E8B1-907E-4FAE-ABC6-07108281BCAF}.Debug|x86.ActiveCfg = Debug|Any CPU
		{8167E8B1-907E-4FAE-ABC6-07108281BCAF}.Debug|x86.Build.0 = Debug|Any CPU
		{8167E8B1-907E-4FAE-ABC6-07108281BCAF}.Release|Any CPU.ActiveCfg = Release|Any CPU
		{8167E8B1-907E-4FAE-ABC6-07108281BCAF}.Release|Any CPU.Build.0 = Release|Any CPU
		{8167E8B1-907E-4FAE-ABC6-07108281BCAF}.Release|x64.ActiveCfg = Release|Any CPU
		{8167E8B1-907E-4FAE-ABC6-07108281BCAF}.Release|x64.Build.0 = Release|Any CPU
		{8167E8B1-907E-4FAE-ABC6-07108281BCAF}.Release|x86.ActiveCfg = Release|Any CPU
		{8167E8B1-907E-4FAE-ABC6-07108281BCAF}.Release|x86.Build.0 = Release|Any CPU
		{2DAD95D1-980F-477F-AA9D-E8E1C8FA537B}.Debug|Any CPU.ActiveCfg = Debug|Any CPU
		{2DAD95D1-980F-477F-AA9D-E8E1C8FA537B}.Debug|Any CPU.Build.0 = Debug|Any CPU
		{2DAD95D1-980F-477F-AA9D-E8E1C8FA537B}.Debug|x64.ActiveCfg = Debug|Any CPU
		{2DAD95D1-980F-477F-AA9D-E8E1C8FA537B}.Debug|x64.Build.0 = Debug|Any CPU
		{2DAD95D1-980F-477F-AA9D-E8E1C8FA537B}.Debug|x86.ActiveCfg = Debug|Any CPU
		{2DAD95D1-980F-477F-AA9D-E8E1C8FA537B}.Debug|x86.Build.0 = Debug|Any CPU
		{2DAD95D1-980F-477F-AA9D-E8E1C8FA537B}.Release|Any CPU.ActiveCfg = Release|Any CPU
		{2DAD95D1-980F-477F-AA9D-E8E1C8FA537B}.Release|Any CPU.Build.0 = Release|Any CPU
		{2DAD95D1-980F-477F-AA9D-E8E1C8FA537B}.Release|x64.ActiveCfg = Release|Any CPU
		{2DAD95D1-980F-477F-AA9D-E8E1C8FA537B}.Release|x64.Build.0 = Release|Any CPU
		{2DAD95D1-980F-477F-AA9D-E8E1C8FA537B}.Release|x86.ActiveCfg = Release|Any CPU
		{2DAD95D1-980F-477F-AA9D-E8E1C8FA537B}.Release|x86.Build.0 = Release|Any CPU
		{E3E5EC18-DB9E-414F-93A9-BA6CFCDD20E6}.Debug|Any CPU.ActiveCfg = Debug|Any CPU
		{E3E5EC18-DB9E-414F-93A9-BA6CFCDD20E6}.Debug|Any CPU.Build.0 = Debug|Any CPU
		{E3E5EC18-DB9E-414F-93A9-BA6CFCDD20E6}.Debug|x64.ActiveCfg = Debug|Any CPU
		{E3E5EC18-DB9E-414F-93A9-BA6CFCDD20E6}.Debug|x64.Build.0 = Debug|Any CPU
		{E3E5EC18-DB9E-414F-93A9-BA6CFCDD20E6}.Debug|x86.ActiveCfg = Debug|Any CPU
		{E3E5EC18-DB9E-414F-93A9-BA6CFCDD20E6}.Debug|x86.Build.0 = Debug|Any CPU
		{E3E5EC18-DB9E-414F-93A9-BA6CFCDD20E6}.Release|Any CPU.ActiveCfg = Release|Any CPU
		{E3E5EC18-DB9E-414F-93A9-BA6CFCDD20E6}.Release|Any CPU.Build.0 = Release|Any CPU
		{E3E5EC18-DB9E-414F-93A9-BA6CFCDD20E6}.Release|x64.ActiveCfg = Release|Any CPU
		{E3E5EC18-DB9E-414F-93A9-BA6CFCDD20E6}.Release|x64.Build.0 = Release|Any CPU
		{E3E5EC18-DB9E-414F-93A9-BA6CFCDD20E6}.Release|x86.ActiveCfg = Release|Any CPU
		{E3E5EC18-DB9E-414F-93A9-BA6CFCDD20E6}.Release|x86.Build.0 = Release|Any CPU
		{46464672-3531-4729-81DB-B86D1ED1F9D4}.Debug|Any CPU.ActiveCfg = Debug|Any CPU
		{46464672-3531-4729-81DB-B86D1ED1F9D4}.Debug|Any CPU.Build.0 = Debug|Any CPU
		{46464672-3531-4729-81DB-B86D1ED1F9D4}.Debug|x64.ActiveCfg = Debug|Any CPU
		{46464672-3531-4729-81DB-B86D1ED1F9D4}.Debug|x64.Build.0 = Debug|Any CPU
		{46464672-3531-4729-81DB-B86D1ED1F9D4}.Debug|x86.ActiveCfg = Debug|Any CPU
		{46464672-3531-4729-81DB-B86D1ED1F9D4}.Debug|x86.Build.0 = Debug|Any CPU
		{46464672-3531-4729-81DB-B86D1ED1F9D4}.Release|Any CPU.ActiveCfg = Release|Any CPU
		{46464672-3531-4729-81DB-B86D1ED1F9D4}.Release|Any CPU.Build.0 = Release|Any CPU
		{46464672-3531-4729-81DB-B86D1ED1F9D4}.Release|x64.ActiveCfg = Release|Any CPU
		{46464672-3531-4729-81DB-B86D1ED1F9D4}.Release|x64.Build.0 = Release|Any CPU
		{46464672-3531-4729-81DB-B86D1ED1F9D4}.Release|x86.ActiveCfg = Release|Any CPU
		{46464672-3531-4729-81DB-B86D1ED1F9D4}.Release|x86.Build.0 = Release|Any CPU
		{B228906F-A993-4A2B-8085-2580A2999908}.Debug|Any CPU.ActiveCfg = Debug|Any CPU
		{B228906F-A993-4A2B-8085-2580A2999908}.Debug|Any CPU.Build.0 = Debug|Any CPU
		{B228906F-A993-4A2B-8085-2580A2999908}.Debug|x64.ActiveCfg = Debug|Any CPU
		{B228906F-A993-4A2B-8085-2580A2999908}.Debug|x64.Build.0 = Debug|Any CPU
		{B228906F-A993-4A2B-8085-2580A2999908}.Debug|x86.ActiveCfg = Debug|Any CPU
		{B228906F-A993-4A2B-8085-2580A2999908}.Debug|x86.Build.0 = Debug|Any CPU
		{B228906F-A993-4A2B-8085-2580A2999908}.Release|Any CPU.ActiveCfg = Release|Any CPU
		{B228906F-A993-4A2B-8085-2580A2999908}.Release|Any CPU.Build.0 = Release|Any CPU
		{B228906F-A993-4A2B-8085-2580A2999908}.Release|x64.ActiveCfg = Release|Any CPU
		{B228906F-A993-4A2B-8085-2580A2999908}.Release|x64.Build.0 = Release|Any CPU
		{B228906F-A993-4A2B-8085-2580A2999908}.Release|x86.ActiveCfg = Release|Any CPU
		{B228906F-A993-4A2B-8085-2580A2999908}.Release|x86.Build.0 = Release|Any CPU
		{AFEB1C94-1408-4B76-8408-2C4CDB56BE02}.Debug|Any CPU.ActiveCfg = Debug|Any CPU
		{AFEB1C94-1408-4B76-8408-2C4CDB56BE02}.Debug|Any CPU.Build.0 = Debug|Any CPU
		{AFEB1C94-1408-4B76-8408-2C4CDB56BE02}.Debug|x64.ActiveCfg = Debug|Any CPU
		{AFEB1C94-1408-4B76-8408-2C4CDB56BE02}.Debug|x64.Build.0 = Debug|Any CPU
		{AFEB1C94-1408-4B76-8408-2C4CDB56BE02}.Debug|x86.ActiveCfg = Debug|Any CPU
		{AFEB1C94-1408-4B76-8408-2C4CDB56BE02}.Debug|x86.Build.0 = Debug|Any CPU
		{AFEB1C94-1408-4B76-8408-2C4CDB56BE02}.Release|Any CPU.ActiveCfg = Release|Any CPU
		{AFEB1C94-1408-4B76-8408-2C4CDB56BE02}.Release|Any CPU.Build.0 = Release|Any CPU
		{AFEB1C94-1408-4B76-8408-2C4CDB56BE02}.Release|x64.ActiveCfg = Release|Any CPU
		{AFEB1C94-1408-4B76-8408-2C4CDB56BE02}.Release|x64.Build.0 = Release|Any CPU
		{AFEB1C94-1408-4B76-8408-2C4CDB56BE02}.Release|x86.ActiveCfg = Release|Any CPU
		{AFEB1C94-1408-4B76-8408-2C4CDB56BE02}.Release|x86.Build.0 = Release|Any CPU
		{B610E738-FA9A-4562-AD7E-DB516CD374C5}.Debug|Any CPU.ActiveCfg = Debug|Any CPU
		{B610E738-FA9A-4562-AD7E-DB516CD374C5}.Debug|Any CPU.Build.0 = Debug|Any CPU
		{B610E738-FA9A-4562-AD7E-DB516CD374C5}.Debug|x64.ActiveCfg = Debug|Any CPU
		{B610E738-FA9A-4562-AD7E-DB516CD374C5}.Debug|x64.Build.0 = Debug|Any CPU
		{B610E738-FA9A-4562-AD7E-DB516CD374C5}.Debug|x86.ActiveCfg = Debug|Any CPU
		{B610E738-FA9A-4562-AD7E-DB516CD374C5}.Debug|x86.Build.0 = Debug|Any CPU
		{B610E738-FA9A-4562-AD7E-DB516CD374C5}.Release|Any CPU.ActiveCfg = Release|Any CPU
		{B610E738-FA9A-4562-AD7E-DB516CD374C5}.Release|Any CPU.Build.0 = Release|Any CPU
		{B610E738-FA9A-4562-AD7E-DB516CD374C5}.Release|x64.ActiveCfg = Release|Any CPU
		{B610E738-FA9A-4562-AD7E-DB516CD374C5}.Release|x64.Build.0 = Release|Any CPU
		{B610E738-FA9A-4562-AD7E-DB516CD374C5}.Release|x86.ActiveCfg = Release|Any CPU
		{B610E738-FA9A-4562-AD7E-DB516CD374C5}.Release|x86.Build.0 = Release|Any CPU
		{E32A717A-24B4-4A1A-B643-25DF0C919518}.Debug|Any CPU.ActiveCfg = Debug|Any CPU
		{E32A717A-24B4-4A1A-B643-25DF0C919518}.Debug|Any CPU.Build.0 = Debug|Any CPU
		{E32A717A-24B4-4A1A-B643-25DF0C919518}.Debug|x64.ActiveCfg = Debug|Any CPU
		{E32A717A-24B4-4A1A-B643-25DF0C919518}.Debug|x64.Build.0 = Debug|Any CPU
		{E32A717A-24B4-4A1A-B643-25DF0C919518}.Debug|x86.ActiveCfg = Debug|Any CPU
		{E32A717A-24B4-4A1A-B643-25DF0C919518}.Debug|x86.Build.0 = Debug|Any CPU
		{E32A717A-24B4-4A1A-B643-25DF0C919518}.Release|Any CPU.ActiveCfg = Release|Any CPU
		{E32A717A-24B4-4A1A-B643-25DF0C919518}.Release|Any CPU.Build.0 = Release|Any CPU
		{E32A717A-24B4-4A1A-B643-25DF0C919518}.Release|x64.ActiveCfg = Release|Any CPU
		{E32A717A-24B4-4A1A-B643-25DF0C919518}.Release|x64.Build.0 = Release|Any CPU
		{E32A717A-24B4-4A1A-B643-25DF0C919518}.Release|x86.ActiveCfg = Release|Any CPU
		{E32A717A-24B4-4A1A-B643-25DF0C919518}.Release|x86.Build.0 = Release|Any CPU
		{BEEDD43F-7855-4347-91CD-E358380D2538}.Debug|Any CPU.ActiveCfg = Debug|Any CPU
		{BEEDD43F-7855-4347-91CD-E358380D2538}.Debug|Any CPU.Build.0 = Debug|Any CPU
		{BEEDD43F-7855-4347-91CD-E358380D2538}.Debug|x64.ActiveCfg = Debug|Any CPU
		{BEEDD43F-7855-4347-91CD-E358380D2538}.Debug|x64.Build.0 = Debug|Any CPU
		{BEEDD43F-7855-4347-91CD-E358380D2538}.Debug|x86.ActiveCfg = Debug|Any CPU
		{BEEDD43F-7855-4347-91CD-E358380D2538}.Debug|x86.Build.0 = Debug|Any CPU
		{BEEDD43F-7855-4347-91CD-E358380D2538}.Release|Any CPU.ActiveCfg = Release|Any CPU
		{BEEDD43F-7855-4347-91CD-E358380D2538}.Release|Any CPU.Build.0 = Release|Any CPU
		{BEEDD43F-7855-4347-91CD-E358380D2538}.Release|x64.ActiveCfg = Release|Any CPU
		{BEEDD43F-7855-4347-91CD-E358380D2538}.Release|x64.Build.0 = Release|Any CPU
		{BEEDD43F-7855-4347-91CD-E358380D2538}.Release|x86.ActiveCfg = Release|Any CPU
		{BEEDD43F-7855-4347-91CD-E358380D2538}.Release|x86.Build.0 = Release|Any CPU
		{C9E6493A-C00F-47A2-BEDD-CD06FD18D2E6}.Debug|Any CPU.ActiveCfg = Debug|Any CPU
		{C9E6493A-C00F-47A2-BEDD-CD06FD18D2E6}.Debug|Any CPU.Build.0 = Debug|Any CPU
		{C9E6493A-C00F-47A2-BEDD-CD06FD18D2E6}.Debug|x64.ActiveCfg = Debug|Any CPU
		{C9E6493A-C00F-47A2-BEDD-CD06FD18D2E6}.Debug|x64.Build.0 = Debug|Any CPU
		{C9E6493A-C00F-47A2-BEDD-CD06FD18D2E6}.Debug|x86.ActiveCfg = Debug|Any CPU
		{C9E6493A-C00F-47A2-BEDD-CD06FD18D2E6}.Debug|x86.Build.0 = Debug|Any CPU
		{C9E6493A-C00F-47A2-BEDD-CD06FD18D2E6}.Release|Any CPU.ActiveCfg = Release|Any CPU
		{C9E6493A-C00F-47A2-BEDD-CD06FD18D2E6}.Release|Any CPU.Build.0 = Release|Any CPU
		{C9E6493A-C00F-47A2-BEDD-CD06FD18D2E6}.Release|x64.ActiveCfg = Release|Any CPU
		{C9E6493A-C00F-47A2-BEDD-CD06FD18D2E6}.Release|x64.Build.0 = Release|Any CPU
		{C9E6493A-C00F-47A2-BEDD-CD06FD18D2E6}.Release|x86.ActiveCfg = Release|Any CPU
		{C9E6493A-C00F-47A2-BEDD-CD06FD18D2E6}.Release|x86.Build.0 = Release|Any CPU
		{73F19F0C-C4FD-4D96-B3FB-BF639AD1ECBE}.Debug|Any CPU.ActiveCfg = Debug|Any CPU
		{73F19F0C-C4FD-4D96-B3FB-BF639AD1ECBE}.Debug|Any CPU.Build.0 = Debug|Any CPU
		{73F19F0C-C4FD-4D96-B3FB-BF639AD1ECBE}.Debug|x64.ActiveCfg = Debug|Any CPU
		{73F19F0C-C4FD-4D96-B3FB-BF639AD1ECBE}.Debug|x64.Build.0 = Debug|Any CPU
		{73F19F0C-C4FD-4D96-B3FB-BF639AD1ECBE}.Debug|x86.ActiveCfg = Debug|Any CPU
		{73F19F0C-C4FD-4D96-B3FB-BF639AD1ECBE}.Debug|x86.Build.0 = Debug|Any CPU
		{73F19F0C-C4FD-4D96-B3FB-BF639AD1ECBE}.Release|Any CPU.ActiveCfg = Release|Any CPU
		{73F19F0C-C4FD-4D96-B3FB-BF639AD1ECBE}.Release|Any CPU.Build.0 = Release|Any CPU
		{73F19F0C-C4FD-4D96-B3FB-BF639AD1ECBE}.Release|x64.ActiveCfg = Release|Any CPU
		{73F19F0C-C4FD-4D96-B3FB-BF639AD1ECBE}.Release|x64.Build.0 = Release|Any CPU
		{73F19F0C-C4FD-4D96-B3FB-BF639AD1ECBE}.Release|x86.ActiveCfg = Release|Any CPU
		{73F19F0C-C4FD-4D96-B3FB-BF639AD1ECBE}.Release|x86.Build.0 = Release|Any CPU
		{1F827AD3-60B0-466C-8ED4-AF6E556B392D}.Debug|Any CPU.ActiveCfg = Debug|Any CPU
		{1F827AD3-60B0-466C-8ED4-AF6E556B392D}.Debug|Any CPU.Build.0 = Debug|Any CPU
		{1F827AD3-60B0-466C-8ED4-AF6E556B392D}.Debug|x64.ActiveCfg = Debug|Any CPU
		{1F827AD3-60B0-466C-8ED4-AF6E556B392D}.Debug|x64.Build.0 = Debug|Any CPU
		{1F827AD3-60B0-466C-8ED4-AF6E556B392D}.Debug|x86.ActiveCfg = Debug|Any CPU
		{1F827AD3-60B0-466C-8ED4-AF6E556B392D}.Debug|x86.Build.0 = Debug|Any CPU
		{1F827AD3-60B0-466C-8ED4-AF6E556B392D}.Release|Any CPU.ActiveCfg = Release|Any CPU
		{1F827AD3-60B0-466C-8ED4-AF6E556B392D}.Release|Any CPU.Build.0 = Release|Any CPU
		{1F827AD3-60B0-466C-8ED4-AF6E556B392D}.Release|x64.ActiveCfg = Release|Any CPU
		{1F827AD3-60B0-466C-8ED4-AF6E556B392D}.Release|x64.Build.0 = Release|Any CPU
		{1F827AD3-60B0-466C-8ED4-AF6E556B392D}.Release|x86.ActiveCfg = Release|Any CPU
		{1F827AD3-60B0-466C-8ED4-AF6E556B392D}.Release|x86.Build.0 = Release|Any CPU
		{B9F79F93-3884-4440-B2B0-32E2C5C31507}.Debug|Any CPU.ActiveCfg = Debug|Any CPU
		{B9F79F93-3884-4440-B2B0-32E2C5C31507}.Debug|Any CPU.Build.0 = Debug|Any CPU
		{B9F79F93-3884-4440-B2B0-32E2C5C31507}.Debug|x64.ActiveCfg = Debug|Any CPU
		{B9F79F93-3884-4440-B2B0-32E2C5C31507}.Debug|x64.Build.0 = Debug|Any CPU
		{B9F79F93-3884-4440-B2B0-32E2C5C31507}.Debug|x86.ActiveCfg = Debug|Any CPU
		{B9F79F93-3884-4440-B2B0-32E2C5C31507}.Debug|x86.Build.0 = Debug|Any CPU
		{B9F79F93-3884-4440-B2B0-32E2C5C31507}.Release|Any CPU.ActiveCfg = Release|Any CPU
		{B9F79F93-3884-4440-B2B0-32E2C5C31507}.Release|Any CPU.Build.0 = Release|Any CPU
		{B9F79F93-3884-4440-B2B0-32E2C5C31507}.Release|x64.ActiveCfg = Release|Any CPU
		{B9F79F93-3884-4440-B2B0-32E2C5C31507}.Release|x64.Build.0 = Release|Any CPU
		{B9F79F93-3884-4440-B2B0-32E2C5C31507}.Release|x86.ActiveCfg = Release|Any CPU
		{B9F79F93-3884-4440-B2B0-32E2C5C31507}.Release|x86.Build.0 = Release|Any CPU
		{58B1D392-C665-41E1-837E-63B7C433B44A}.Debug|Any CPU.ActiveCfg = Debug|Any CPU
		{58B1D392-C665-41E1-837E-63B7C433B44A}.Debug|Any CPU.Build.0 = Debug|Any CPU
		{58B1D392-C665-41E1-837E-63B7C433B44A}.Debug|x64.ActiveCfg = Debug|Any CPU
		{58B1D392-C665-41E1-837E-63B7C433B44A}.Debug|x64.Build.0 = Debug|Any CPU
		{58B1D392-C665-41E1-837E-63B7C433B44A}.Debug|x86.ActiveCfg = Debug|Any CPU
		{58B1D392-C665-41E1-837E-63B7C433B44A}.Debug|x86.Build.0 = Debug|Any CPU
		{58B1D392-C665-41E1-837E-63B7C433B44A}.Release|Any CPU.ActiveCfg = Release|Any CPU
		{58B1D392-C665-41E1-837E-63B7C433B44A}.Release|Any CPU.Build.0 = Release|Any CPU
		{58B1D392-C665-41E1-837E-63B7C433B44A}.Release|x64.ActiveCfg = Release|Any CPU
		{58B1D392-C665-41E1-837E-63B7C433B44A}.Release|x64.Build.0 = Release|Any CPU
		{58B1D392-C665-41E1-837E-63B7C433B44A}.Release|x86.ActiveCfg = Release|Any CPU
		{58B1D392-C665-41E1-837E-63B7C433B44A}.Release|x86.Build.0 = Release|Any CPU
		{A85FD246-1941-4432-9E3B-4FAA9B8A88CA}.Debug|Any CPU.ActiveCfg = Debug|Any CPU
		{A85FD246-1941-4432-9E3B-4FAA9B8A88CA}.Debug|Any CPU.Build.0 = Debug|Any CPU
		{A85FD246-1941-4432-9E3B-4FAA9B8A88CA}.Debug|x64.ActiveCfg = Debug|Any CPU
		{A85FD246-1941-4432-9E3B-4FAA9B8A88CA}.Debug|x64.Build.0 = Debug|Any CPU
		{A85FD246-1941-4432-9E3B-4FAA9B8A88CA}.Debug|x86.ActiveCfg = Debug|Any CPU
		{A85FD246-1941-4432-9E3B-4FAA9B8A88CA}.Debug|x86.Build.0 = Debug|Any CPU
		{A85FD246-1941-4432-9E3B-4FAA9B8A88CA}.Release|Any CPU.ActiveCfg = Release|Any CPU
		{A85FD246-1941-4432-9E3B-4FAA9B8A88CA}.Release|Any CPU.Build.0 = Release|Any CPU
		{A85FD246-1941-4432-9E3B-4FAA9B8A88CA}.Release|x64.ActiveCfg = Release|Any CPU
		{A85FD246-1941-4432-9E3B-4FAA9B8A88CA}.Release|x64.Build.0 = Release|Any CPU
		{A85FD246-1941-4432-9E3B-4FAA9B8A88CA}.Release|x86.ActiveCfg = Release|Any CPU
		{A85FD246-1941-4432-9E3B-4FAA9B8A88CA}.Release|x86.Build.0 = Release|Any CPU
		{459399DA-BF0B-418A-9A83-1D1A52210AA6}.Debug|Any CPU.ActiveCfg = Debug|Any CPU
		{459399DA-BF0B-418A-9A83-1D1A52210AA6}.Debug|Any CPU.Build.0 = Debug|Any CPU
		{459399DA-BF0B-418A-9A83-1D1A52210AA6}.Debug|x64.ActiveCfg = Debug|Any CPU
		{459399DA-BF0B-418A-9A83-1D1A52210AA6}.Debug|x64.Build.0 = Debug|Any CPU
		{459399DA-BF0B-418A-9A83-1D1A52210AA6}.Debug|x86.ActiveCfg = Debug|Any CPU
		{459399DA-BF0B-418A-9A83-1D1A52210AA6}.Debug|x86.Build.0 = Debug|Any CPU
		{459399DA-BF0B-418A-9A83-1D1A52210AA6}.Release|Any CPU.ActiveCfg = Release|Any CPU
		{459399DA-BF0B-418A-9A83-1D1A52210AA6}.Release|Any CPU.Build.0 = Release|Any CPU
		{459399DA-BF0B-418A-9A83-1D1A52210AA6}.Release|x64.ActiveCfg = Release|Any CPU
		{459399DA-BF0B-418A-9A83-1D1A52210AA6}.Release|x64.Build.0 = Release|Any CPU
		{459399DA-BF0B-418A-9A83-1D1A52210AA6}.Release|x86.ActiveCfg = Release|Any CPU
		{459399DA-BF0B-418A-9A83-1D1A52210AA6}.Release|x86.Build.0 = Release|Any CPU
		{888015FD-3ABC-4634-87AD-5E8B82189D31}.Debug|Any CPU.ActiveCfg = Debug|Any CPU
		{888015FD-3ABC-4634-87AD-5E8B82189D31}.Debug|Any CPU.Build.0 = Debug|Any CPU
		{888015FD-3ABC-4634-87AD-5E8B82189D31}.Debug|x64.ActiveCfg = Debug|Any CPU
		{888015FD-3ABC-4634-87AD-5E8B82189D31}.Debug|x64.Build.0 = Debug|Any CPU
		{888015FD-3ABC-4634-87AD-5E8B82189D31}.Debug|x86.ActiveCfg = Debug|Any CPU
		{888015FD-3ABC-4634-87AD-5E8B82189D31}.Debug|x86.Build.0 = Debug|Any CPU
		{888015FD-3ABC-4634-87AD-5E8B82189D31}.Release|Any CPU.ActiveCfg = Release|Any CPU
		{888015FD-3ABC-4634-87AD-5E8B82189D31}.Release|Any CPU.Build.0 = Release|Any CPU
		{888015FD-3ABC-4634-87AD-5E8B82189D31}.Release|x64.ActiveCfg = Release|Any CPU
		{888015FD-3ABC-4634-87AD-5E8B82189D31}.Release|x64.Build.0 = Release|Any CPU
		{888015FD-3ABC-4634-87AD-5E8B82189D31}.Release|x86.ActiveCfg = Release|Any CPU
		{888015FD-3ABC-4634-87AD-5E8B82189D31}.Release|x86.Build.0 = Release|Any CPU
		{FFFB07BD-A4C9-456D-B041-80A431E1E0CB}.Debug|Any CPU.ActiveCfg = Debug|Any CPU
		{FFFB07BD-A4C9-456D-B041-80A431E1E0CB}.Debug|Any CPU.Build.0 = Debug|Any CPU
		{FFFB07BD-A4C9-456D-B041-80A431E1E0CB}.Debug|x64.ActiveCfg = Debug|Any CPU
		{FFFB07BD-A4C9-456D-B041-80A431E1E0CB}.Debug|x64.Build.0 = Debug|Any CPU
		{FFFB07BD-A4C9-456D-B041-80A431E1E0CB}.Debug|x86.ActiveCfg = Debug|Any CPU
		{FFFB07BD-A4C9-456D-B041-80A431E1E0CB}.Debug|x86.Build.0 = Debug|Any CPU
		{FFFB07BD-A4C9-456D-B041-80A431E1E0CB}.Release|Any CPU.ActiveCfg = Release|Any CPU
		{FFFB07BD-A4C9-456D-B041-80A431E1E0CB}.Release|Any CPU.Build.0 = Release|Any CPU
		{FFFB07BD-A4C9-456D-B041-80A431E1E0CB}.Release|x64.ActiveCfg = Release|Any CPU
		{FFFB07BD-A4C9-456D-B041-80A431E1E0CB}.Release|x64.Build.0 = Release|Any CPU
		{FFFB07BD-A4C9-456D-B041-80A431E1E0CB}.Release|x86.ActiveCfg = Release|Any CPU
		{FFFB07BD-A4C9-456D-B041-80A431E1E0CB}.Release|x86.Build.0 = Release|Any CPU
		{71838BE0-FF5D-4E6C-885F-FD8804F672CF}.Debug|Any CPU.ActiveCfg = Debug|Any CPU
		{71838BE0-FF5D-4E6C-885F-FD8804F672CF}.Debug|Any CPU.Build.0 = Debug|Any CPU
		{71838BE0-FF5D-4E6C-885F-FD8804F672CF}.Debug|x64.ActiveCfg = Debug|Any CPU
		{71838BE0-FF5D-4E6C-885F-FD8804F672CF}.Debug|x64.Build.0 = Debug|Any CPU
		{71838BE0-FF5D-4E6C-885F-FD8804F672CF}.Debug|x86.ActiveCfg = Debug|Any CPU
		{71838BE0-FF5D-4E6C-885F-FD8804F672CF}.Debug|x86.Build.0 = Debug|Any CPU
		{71838BE0-FF5D-4E6C-885F-FD8804F672CF}.Release|Any CPU.ActiveCfg = Release|Any CPU
		{71838BE0-FF5D-4E6C-885F-FD8804F672CF}.Release|Any CPU.Build.0 = Release|Any CPU
		{71838BE0-FF5D-4E6C-885F-FD8804F672CF}.Release|x64.ActiveCfg = Release|Any CPU
		{71838BE0-FF5D-4E6C-885F-FD8804F672CF}.Release|x64.Build.0 = Release|Any CPU
		{71838BE0-FF5D-4E6C-885F-FD8804F672CF}.Release|x86.ActiveCfg = Release|Any CPU
		{71838BE0-FF5D-4E6C-885F-FD8804F672CF}.Release|x86.Build.0 = Release|Any CPU
	EndGlobalSection
EndGlobal
