
Microsoft Visual Studio Solution File, Format Version 12.00
# Visual Studio 15
VisualStudioVersion = 15.0.26124.0
MinimumVisualStudioVersion = 15.0.26124.0
Project("{FAE04EC0-301F-11D3-BF4B-00C04F79EFBC}") = "Lib01", "Lib01\Lib01.csproj", "{EE38D647-6668-4DD8-8AE8-E97731C4E347}"
EndProject
Project("{FAE04EC0-301F-11D3-BF4B-00C04F79EFBC}") = "Lib02", "Lib02\Lib02.csproj", "{95B7FC3B-3E5C-4B6C-97A0-74EA44196186}"
EndProject
Project("{FAE04EC0-301F-11D3-BF4B-00C04F79EFBC}") = "Lib03", "Lib03\Lib03.csproj", "{D488D3D1-26A0-4CEE-8E66-CDE45897907A}"
EndProject
Project("{FAE04EC0-301F-11D3-BF4B-00C04F79EFBC}") = "Lib04", "Lib04\Lib04.csproj", "{03B3721E-7C36-457E-9EF9-C6A282205F3A}"
EndProject
Project("{FAE04EC0-301F-11D3-BF4B-00C04F79EFBC}") = "Lib05", "Lib05\Lib05.csproj", "{C89029D9-336B-4505-A758-A518A78C56AC}"
EndProject
Project("{FAE04EC0-301F-11D3-BF4B-00C04F79EFBC}") = "Lib06", "Lib06\Lib06.csproj", "{C7427055-F934-49D1-9134-64EE9A26ED87}"
EndProject
Project("{FAE04EC0-301F-11D3-BF4B-00C04F79EFBC}") = "Lib07", "Lib07\Lib07.csproj", "{9BE0273F-AFA9-485B-A05A-C9DF88318BF5}"
EndProject
Project("{FAE04EC0-301F-11D3-BF4B-00C04F79EFBC}") = "Lib08", "Lib08\Lib08.csproj", "{FAD424F4-2B88-40AD-83B2-178D1271846E}"
EndProject
Project("{FAE04EC0-301F-11D3-BF4B-00C04F79EFBC}") = "Lib09", "Lib09\Lib09.csproj", "{AAC9A87C-75E1-4AAA-984D-ED305C9FEDFE}"
EndProject
Project("{FAE04EC0-301F-11D3-BF4B-00C04F79EFBC}") = "Lib10", "Lib10\Lib10.csproj", "{DAEF3EA3-6220-4A9C-9AA1-00B90172ADD5}"
EndProject
Project("{FAE04EC0-301F-11D3-BF4B-00C04F79EFBC}") = "Lib11", "Lib11\Lib11.csproj", "{BC848152-7CE2-479A-8CD3-6E47FAED3659}"
EndProject
Project("{FAE04EC0-301F-11D3-BF4B-00C04F79EFBC}") = "Lib12", "Lib12\Lib12.csproj", "{EFED660C-5DAF-4AB2-9BB9-6D6EFD0C185C}"
EndProject
Project("{FAE04EC0-301F-11D3-BF4B-00C04F79EFBC}") = "Lib13", "Lib13\Lib13.csproj", "{3CA3AF06-9B05-4961-9263-A7C10E9AF2DE}"
EndProject
Project("{FAE04EC0-301F-11D3-BF4B-00C04F79EFBC}") = "Lib14", "Lib14\Lib14.csproj", "{B251BB33-D9F6-4F1B-842E-4E9BDB27707E}"
EndProject
Project("{FAE04EC0-301F-11D3-BF4B-00C04F79EFBC}") = "Lib15", "Lib15\Lib15.csproj", "{1D1A5D18-1623-4491-8D00-91E01E3D8BE7}"
EndProject
Project("{FAE04EC0-301F-11D3-BF4B-00C04F79EFBC}") = "Lib16", "Lib16\Lib16.csproj", "{14B6DEF5-89AB-445D-8E9B-925663AE5642}"
EndProject
Project("{FAE04EC0-301F-11D3-BF4B-00C04F79EFBC}") = "Lib17", "Lib17\Lib17.csproj", "{2ACAF61D-9285-45B2-BF2E-9C0F8178FE58}"
EndProject
Project("{FAE04EC0-301F-11D3-BF4B-00C04F79EFBC}") = "Lib18", "Lib18\Lib18.csproj", "{09C246FC-12E7-471A-AFF2-6978939DC578}"
EndProject
Project("{FAE04EC0-301F-11D3-BF4B-00C04F79EFBC}") = "Lib19", "Lib19\Lib19.csproj", "{42BB137B-626C-408D-A34A-4A7B53A98D45}"
EndProject
Project("{FAE04EC0-301F-11D3-BF4B-00C04F79EFBC}") = "Lib20", "Lib20\Lib20.csproj", "{05B1E9CA-099F-4F7D-80A8-33ACF866D764}"
EndProject
Project("{FAE04EC0-301F-11D3-BF4B-00C04F79EFBC}") = "Lib21", "Lib21\Lib21.csproj", "{CD487F2D-9CCE-4F44-A150-A05FE7DE06F2}"
EndProject
Project("{FAE04EC0-301F-11D3-BF4B-00C04F79EFBC}") = "Lib22", "Lib22\Lib22.csproj", "{E214B4C0-3547-406E-8EF8-4A0344B68529}"
EndProject
Project("{FAE04EC0-301F-11D3-BF4B-00C04F79EFBC}") = "Lib23", "Lib23\Lib23.csproj", "{D469F4C7-6808-4727-BD9D-4A9FB50E57C9}"
EndProject
Project("{FAE04EC0-301F-11D3-BF4B-00C04F79EFBC}") = "Lib24", "Lib24\Lib24.csproj", "{06015934-FD4A-485F-B9C8-AD57937F42EC}"
EndProject
Project("{FAE04EC0-301F-11D3-BF4B-00C04F79EFBC}") = "Lib25", "Lib25\Lib25.csproj", "{D085261C-7260-4988-8F2C-3A3D9DBEA3EF}"
EndProject
Project("{FAE04EC0-301F-11D3-BF4B-00C04F79EFBC}") = "Lib26", "Lib26\Lib26.csproj", "{0D0B2AD2-6753-414E-B4E9-07320A8A5CEA}"
EndProject
Project("{FAE04EC0-301F-11D3-BF4B-00C04F79EFBC}") = "Lib27", "Lib27\Lib27.csproj", "{8CFC8B28-30B4-41D2-9EEF-2AA0BC1D22B4}"
EndProject
Project("{FAE04EC0-301F-11D3-BF4B-00C04F79EFBC}") = "Lib28", "Lib28\Lib28.csproj", "{4504D379-455C-4B26-B72A-3BEF83E02F56}"
EndProject
Project("{FAE04EC0-301F-11D3-BF4B-00C04F79EFBC}") = "App", "App\App.csproj", "{52A4D253-F69F-4485-8116-694B1BB895C2}"
EndProject
Global
	GlobalSection(SolutionConfigurationPlatforms) = preSolution
		Debug|Any CPU = Debug|Any CPU
		Debug|x64 = Debug|x64
		Debug|x86 = Debug|x86
		Release|Any CPU = Release|Any CPU
		Release|x64 = Release|x64
		Release|x86 = Release|x86
	EndGlobalSection
	GlobalSection(SolutionProperties) = preSolution
		HideSolutionNode = FALSE
	EndGlobalSection
	GlobalSection(ProjectConfigurationPlatforms) = postSolution
		{EE38D647-6668-4DD8-8AE8-E97731C4E347}.Debug|Any CPU.ActiveCfg = Debug|Any CPU
		{EE38D647-6668-4DD8-8AE8-E97731C4E347}.Debug|Any CPU.Build.0 = Debug|Any CPU
		{EE38D647-6668-4DD8-8AE8-E97731C4E347}.Debug|x64.ActiveCfg = Debug|Any CPU
		{EE38D647-6668-4DD8-8AE8-E97731C4E347}.Debug|x64.Build.0 = Debug|Any CPU
		{EE38D647-6668-4DD8-8AE8-E97731C4E347}.Debug|x86.ActiveCfg = Debug|Any CPU
		{EE38D647-6668-4DD8-8AE8-E97731C4E347}.Debug|x86.Build.0 = Debug|Any CPU
		{EE38D647-6668-4DD8-8AE8-E97731C4E347}.Release|Any CPU.ActiveCfg = Release|Any CPU
		{EE38D647-6668-4DD8-8AE8-E97731C4E347}.Release|Any CPU.Build.0 = Release|Any CPU
		{EE38D647-6668-4DD8-8AE8-E97731C4E347}.Release|x64.ActiveCfg = Release|Any CPU
		{EE38D647-6668-4DD8-8AE8-E97731C4E347}.Release|x64.Build.0 = Release|Any CPU
		{EE38D647-6668-4DD8-8AE8-E97731C4E347}.Release|x86.ActiveCfg = Release|Any CPU
		{EE38D647-6668-4DD8-8AE8-E97731C4E347}.Release|x86.Build.0 = Release|Any CPU
		{95B7FC3B-3E5C-4B6C-97A0-74EA44196186}.Debug|Any CPU.ActiveCfg = Debug|Any CPU
		{95B7FC3B-3E5C-4B6C-97A0-74EA44196186}.Debug|Any CPU.Build.0 = Debug|Any CPU
		{95B7FC3B-3E5C-4B6C-97A0-74EA44196186}.Debug|x64.ActiveCfg = Debug|Any CPU
		{95B7FC3B-3E5C-4B6C-97A0-74EA44196186}.Debug|x64.Build.0 = Debug|Any CPU
		{95B7FC3B-3E5C-4B6C-97A0-74EA44196186}.Debug|x86.ActiveCfg = Debug|Any CPU
		{95B7FC3B-3E5C-4B6C-97A0-74EA44196186}.Debug|x86.Build.0 = Debug|Any CPU
		{95B7FC3B-3E5C-4B6C-97A0-74EA44196186}.Release|Any CPU.ActiveCfg = Release|Any CPU
		{95B7FC3B-3E5C-4B6C-97A0-74EA44196186}.Release|Any CPU.Build.0 = Release|Any CPU
		{95B7FC3B-3E5C-4B6C-97A0-74EA44196186}.Release|x64.ActiveCfg = Release|Any CPU
		{95B7FC3B-3E5C-4B6C-97A0-74EA44196186}.Release|x64.Build.0 = Release|Any CPU
		{95B7FC3B-3E5C-4B6C-97A0-74EA44196186}.Release|x86.ActiveCfg = Release|Any CPU
		{95B7FC3B-3E5C-4B6C-97A0-74EA44196186}.Release|x86.Build.0 = Release|Any CPU
		{D488D3D1-26A0-4CEE-8E66-CDE45897907A}.Debug|Any CPU.ActiveCfg = Debug|Any CPU
		{D488D3D1-26A0-4CEE-8E66-CDE45897907A}.Debug|Any CPU.Build.0 = Debug|Any CPU
		{D488D3D1-26A0-4CEE-8E66-CDE45897907A}.Debug|x64.ActiveCfg = Debug|Any CPU
		{D488D3D1-26A0-4CEE-8E66-CDE45897907A}.Debug|x64.Build.0 = Debug|Any CPU
		{D488D3D1-26A0-4CEE-8E66-CDE45897907A}.Debug|x86.ActiveCfg = Debug|Any CPU
		{D488D3D1-26A0-4CEE-8E66-CDE45897907A}.Debug|x86.Build.0 = Debug|Any CPU
		{D488D3D1-26A0-4CEE-8E66-CDE45897907A}.Release|Any CPU.ActiveCfg = Release|Any CPU
		{D488D3D1-26A0-4CEE-8E66-CDE45897907A}.Release|Any CPU.Build.0 = Release|Any CPU
		{D488D3D1-26A0-4CEE-8E66-CDE45897907A}.Release|x64.ActiveCfg = Release|Any CPU
		{D488D3D1-26A0-4CEE-8E66-CDE45897907A}.Release|x64.Build.0 = Release|Any CPU
		{D488D3D1-26A0-4CEE-8E66-CDE45897907A}.Release|x86.ActiveCfg = Release|Any CPU
		{D488D3D1-26A0-4CEE-8E66-CDE45897907A}.Release|x86.Build.0 = Release|Any CPU
		{03B3721E-7C36-457E-9EF9-C6A282205F3A}.Debug|Any CPU.ActiveCfg = Debug|Any CPU
		{03B3721E-7C36-457E-9EF9-C6A282205F3A}.Debug|Any CPU.Build.0 = Debug|Any CPU
		{03B3721E-7C36-457E-9EF9-C6A282205F3A}.Debug|x64.ActiveCfg = Debug|Any CPU
		{03B3721E-7C36-457E-9EF9-C6A282205F3A}.Debug|x64.Build.0 = Debug|Any CPU
		{03B3721E-7C36-457E-9EF9-C6A282205F3A}.Debug|x86.ActiveCfg = Debug|Any CPU
		{03B3721E-7C36-457E-9EF9-C6A282205F3A}.Debug|x86.Build.0 = Debug|Any CPU
		{03B3721E-7C36-457E-9EF9-C6A282205F3A}.Release|Any CPU.ActiveCfg = Release|Any CPU
		{03B3721E-7C36-457E-9EF9-C6A282205F3A}.Release|Any CPU.Build.0 = Release|Any CPU
		{03B3721E-7C36-457E-9EF9-C6A282205F3A}.Release|x64.ActiveCfg = Release|Any CPU
		{03B3721E-7C36-457E-9EF9-C6A282205F3A}.Release|x64.Build.0 = Release|Any CPU
		{03B3721E-7C36-457E-9EF9-C6A282205F3A}.Release|x86.ActiveCfg = Release|Any CPU
		{03B3721E-7C36-457E-9EF9-C6A282205F3A}.Release|x86.Build.0 = Release|Any CPU
		{C89029D9-336B-4505-A758-A518A78C56AC}.Debug|Any CPU.ActiveCfg = Debug|Any CPU
		{C89029D9-336B-4505-A758-A518A78C56AC}.Debug|Any CPU.Build.0 = Debug|Any CPU
		{C89029D9-336B-4505-A758-A518A78C56AC}.Debug|x64.ActiveCfg = Debug|Any CPU
		{C89029D9-336B-4505-A758-A518A78C56AC}.Debug|x64.Build.0 = Debug|Any CPU
		{C89029D9-336B-4505-A758-A518A78C56AC}.Debug|x86.ActiveCfg = Debug|Any CPU
		{C89029D9-336B-4505-A758-A518A78C56AC}.Debug|x86.Build.0 = Debug|Any CPU
		{C89029D9-336B-4505-A758-A518A78C56AC}.Release|Any CPU.ActiveCfg = Release|Any CPU
		{C89029D9-336B-4505-A758-A518A78C56AC}.Release|Any CPU.Build.0 = Release|Any CPU
		{C89029D9-336B-4505-A758-A518A78C56AC}.Release|x64.ActiveCfg = Release|Any CPU
		{C89029D9-336B-4505-A758-A518A78C56AC}.Release|x64.Build.0 = Release|Any CPU
		{C89029D9-336B-4505-A758-A518A78C56AC}.Release|x86.ActiveCfg = Release|Any CPU
		{C89029D9-336B-4505-A758-A518A78C56AC}.Release|x86.Build.0 = Release|Any CPU
		{C7427055-F934-49D1-9134-64EE9A26ED87}.Debug|Any CPU.ActiveCfg = Debug|Any CPU
		{C7427055-F934-49D1-9134-64EE9A26ED87}.Debug|Any CPU.Build.0 = Debug|Any CPU
		{C7427055-F934-49D1-9134-64EE9A26ED87}.Debug|x64.ActiveCfg = Debug|Any CPU
		{C7427055-F934-49D1-9134-64EE9A26ED87}.Debug|x64.Build.0 = Debug|Any CPU
		{C7427055-F934-49D1-9134-64EE9A26ED87}.Debug|x86.ActiveCfg = Debug|Any CPU
		{C7427055-F934-49D1-9134-64EE9A26ED87}.Debug|x86.Build.0 = Debug|Any CPU
		{C7427055-F934-49D1-9134-64EE9A26ED87}.Release|Any CPU.ActiveCfg = Release|Any CPU
		{C7427055-F934-49D1-9134-64EE9A26ED87}.Release|Any CPU.Build.0 = Release|Any CPU
		{C7427055-F934-49D1-9134-64EE9A26ED87}.Release|x64.ActiveCfg = Release|Any CPU
		{C7427055-F934-49D1-9134-64EE9A26ED87}.Release|x64.Build.0 = Release|Any CPU
		{C7427055-F934-49D1-9134-64EE9A26ED87}.Release|x86.ActiveCfg = Release|Any CPU
		{C7427055-F934-49D1-9134-64EE9A26ED87}.Release|x86.Build.0 = Release|Any CPU
		{9BE0273F-AFA9-485B-A05A-C9DF88318BF5}.Debug|Any CPU.ActiveCfg = Debug|Any CPU
		{9BE0273F-AFA9-485B-A05A-C9DF88318BF5}.Debug|Any CPU.Build.0 = Debug|Any CPU
		{9BE0273F-AFA9-485B-A05A-C9DF88318BF5}.Debug|x64.ActiveCfg = Debug|Any CPU
		{9BE0273F-AFA9-485B-A05A-C9DF88318BF5}.Debug|x64.Build.0 = Debug|Any CPU
		{9BE0273F-AFA9-485B-A05A-C9DF88318BF5}.Debug|x86.ActiveCfg = Debug|Any CPU
		{9BE0273F-AFA9-485B-A05A-C9DF88318BF5}.Debug|x86.Build.0 = Debug|Any CPU
		{9BE0273F-AFA9-485B-A05A-C9DF88318BF5}.Release|Any CPU.ActiveCfg = Release|Any CPU
		{9BE0273F-AFA9-485B-A05A-C9DF88318BF5}.Release|Any CPU.Build.0 = Release|Any CPU
		{9BE0273F-AFA9-485B-A05A-C9DF88318BF5}.Release|x64.ActiveCfg = Release|Any CPU
		{9BE0273F-AFA9-485B-A05A-C9DF88318BF5}.Release|x64.Build.0 = Release|Any CPU
		{9BE0273F-AFA9-485B-A05A-C9DF88318BF5}.Release|x86.ActiveCfg = Release|Any CPU
		{9BE0273F-AFA9-485B-A05A-C9DF88318BF5}.Release|x86.Build.0 = Release|Any CPU
		{FAD424F4-2B88-40AD-83B2-178D1271846E}.Debug|Any CPU.ActiveCfg = Debug|Any CPU
		{FAD424F4-2B88-40AD-83B2-178D1271846E}.Debug|Any CPU.Build.0 = Debug|Any CPU
		{FAD424F4-2B88-40AD-83B2-178D1271846E}.Debug|x64.ActiveCfg = Debug|Any CPU
		{FAD424F4-2B88-40AD-83B2-178D1271846E}.Debug|x64.Build.0 = Debug|Any CPU
		{FAD424F4-2B88-40AD-83B2-178D1271846E}.Debug|x86.ActiveCfg = Debug|Any CPU
		{FAD424F4-2B88-40AD-83B2-178D1271846E}.Debug|x86.Build.0 = Debug|Any CPU
		{FAD424F4-2B88-40AD-83B2-178D1271846E}.Release|Any CPU.ActiveCfg = Release|Any CPU
		{FAD424F4-2B88-40AD-83B2-178D1271846E}.Release|Any CPU.Build.0 = Release|Any CPU
		{FAD424F4-2B88-40AD-83B2-178D1271846E}.Release|x64.ActiveCfg = Release|Any CPU
		{FAD424F4-2B88-40AD-83B2-178D1271846E}.Release|x64.Build.0 = Release|Any CPU
		{FAD424F4-2B88-40AD-83B2-178D1271846E}.Release|x86.ActiveCfg = Release|Any CPU
		{FAD424F4-2B88-40AD-83B2-178D1271846E}.Release|x86.Build.0 = Release|Any CPU
		{AAC9A87C-75E1-4AAA-984D-ED305C9FEDFE}.Debug|Any CPU.ActiveCfg = Debug|Any CPU
		{AAC9A87C-75E1-4AAA-984D-ED305C9FEDFE}.Debug|Any CPU.Build.0 = Debug|Any CPU
		{AAC9A87C-75E1-4AAA-984D-ED305C9FEDFE}.Debug|x64.ActiveCfg = Debug|Any CPU
		{AAC9A87C-75E1-4AAA-984D-ED305C9FEDFE}.Debug|x64.Build.0 = Debug|Any CPU
		{AAC9A87C-75E1-4AAA-984D-ED305C9FEDFE}.Debug|x86.ActiveCfg = Debug|Any CPU
		{AAC9A87C-75E1-4AAA-984D-ED305C9FEDFE}.Debug|x86.Build.0 = Debug|Any CPU
		{AAC9A87C-75E1-4AAA-984D-ED305C9FEDFE}.Release|Any CPU.ActiveCfg = Release|Any CPU
		{AAC9A87C-75E1-4AAA-984D-ED305C9FEDFE}.Release|Any CPU.Build.0 = Release|Any CPU
		{AAC9A87C-75E1-4AAA-984D-ED305C9FEDFE}.Release|x64.ActiveCfg = Release|Any CPU
		{AAC9A87C-75E1-4AAA-984D-ED305C9FEDFE}.Release|x64.Build.0 = Release|Any CPU
		{AAC9A87C-75E1-4AAA-984D-ED305C9FEDFE}.Release|x86.ActiveCfg = Release|Any CPU
		{AAC9A87C-75E1-4AAA-984D-ED305C9FEDFE}.Release|x86.Build.0 = Release|Any CPU
		{DAEF3EA3-6220-4A9C-9AA1-00B90172ADD5}.Debug|Any CPU.ActiveCfg = Debug|Any CPU
		{DAEF3EA3-6220-4A9C-9AA1-00B90172ADD5}.Debug|Any CPU.Build.0 = Debug|Any CPU
		{DAEF3EA3-6220-4A9C-9AA1-00B90172ADD5}.Debug|x64.ActiveCfg = Debug|Any CPU
		{DAEF3EA3-6220-4A9C-9AA1-00B90172ADD5}.Debug|x64.Build.0 = Debug|Any CPU
		{DAEF3EA3-6220-4A9C-9AA1-00B90172ADD5}.Debug|x86.ActiveCfg = Debug|Any CPU
		{DAEF3EA3-6220-4A9C-9AA1-00B90172ADD5}.Debug|x86.Build.0 = Debug|Any CPU
		{DAEF3EA3-6220-4A9C-9AA1-00B90172ADD5}.Release|Any CPU.ActiveCfg = Release|Any CPU
		{DAEF3EA3-6220-4A9C-9AA1-00B90172ADD5}.Release|Any CPU.Build.0 = Release|Any CPU
		{DAEF3EA3-6220-4A9C-9AA1-00B90172ADD5}.Release|x64.ActiveCfg = Release|Any CPU
		{DAEF3EA3-6220-4A9C-9AA1-00B90172ADD5}.Release|x64.Build.0 = Release|Any CPU
		{DAEF3EA3-6220-4A9C-9AA1-00B90172ADD5}.Release|x86.ActiveCfg = Release|Any CPU
		{DAEF3EA3-6220-4A9C-9AA1-00B90172ADD5}.Release|x86.Build.0 = Release|Any CPU
		{BC848152-7CE2-479A-8CD3-6E47FAED3659}.Debug|Any CPU.ActiveCfg = Debug|Any CPU
		{BC848152-7CE2-479A-8CD3-6E47FAED3659}.Debug|Any CPU.Build.0 = Debug|Any CPU
		{BC848152-7CE2-479A-8CD3-6E47FAED3659}.Debug|x64.ActiveCfg = Debug|Any CPU
		{BC848152-7CE2-479A-8CD3-6E47FAED3659}.Debug|x64.Build.0 = Debug|Any CPU
		{BC848152-7CE2-479A-8CD3-6E47FAED3659}.Debug|x86.ActiveCfg = Debug|Any CPU
		{BC848152-7CE2-479A-8CD3-6E47FAED3659}.Debug|x86.Build.0 = Debug|Any CPU
		{BC848152-7CE2-479A-8CD3-6E47FAED3659}.Release|Any CPU.ActiveCfg = Release|Any CPU
		{BC848152-7CE2-479A-8CD3-6E47FAED3659}.Release|Any CPU.Build.0 = Release|Any CPU
		{BC848152-7CE2-479A-8CD3-6E47FAED3659}.Release|x64.ActiveCfg = Release|Any CPU
		{BC848152-7CE2-479A-8CD3-6E47FAED3659}.Release|x64.Build.0 = Release|Any CPU
		{BC848152-7CE2-479A-8CD3-6E47FAED3659}.Release|x86.ActiveCfg = Release|Any CPU
		{BC848152-7CE2-479A-8CD3-6E47FAED3659}.Release|x86.Build.0 = Release|Any CPU
		{EFED660C-5DAF-4AB2-9BB9-6D6EFD0C185C}.Debug|Any CPU.ActiveCfg = Debug|Any CPU
		{EFED660C-5DAF-4AB2-9BB9-6D6EFD0C185C}.Debug|Any CPU.Build.0 = Debug|Any CPU
		{EFED660C-5DAF-4AB2-9BB9-6D6EFD0C185C}.Debug|x64.ActiveCfg = Debug|Any CPU
		{EFED660C-5DAF-4AB2-9BB9-6D6EFD0C185C}.Debug|x64.Build.0 = Debug|Any CPU
		{EFED660C-5DAF-4AB2-9BB9-6D6EFD0C185C}.Debug|x86.ActiveCfg = Debug|Any CPU
		{EFED660C-5DAF-4AB2-9BB9-6D6EFD0C185C}.Debug|x86.Build.0 = Debug|Any CPU
		{EFED660C-5DAF-4AB2-9BB9-6D6EFD0C185C}.Release|Any CPU.ActiveCfg = Release|Any CPU
		{EFED660C-5DAF-4AB2-9BB9-6D6EFD0C185C}.Release|Any CPU.Build.0 = Release|Any CPU
		{EFED660C-5DAF-4AB2-9BB9-6D6EFD0C185C}.Release|x64.ActiveCfg = Release|Any CPU
		{EFED660C-5DAF-4AB2-9BB9-6D6EFD0C185C}.Release|x64.Build.0 = Release|Any CPU
		{EFED660C-5DAF-4AB2-9BB9-6D6EFD0C185C}.Release|x86.ActiveCfg = Release|Any CPU
		{EFED660C-5DAF-4AB2-9BB9-6D6EFD0C185C}.Release|x86.Build.0 = Release|Any CPU
		{3CA3AF06-9B05-4961-9263-A7C10E9AF2DE}.Debug|Any CPU.ActiveCfg = Debug|Any CPU
		{3CA3AF06-9B05-4961-9263-A7C10E9AF2DE}.Debug|Any CPU.Build.0 = Debug|Any CPU
		{3CA3AF06-9B05-4961-9263-A7C10E9AF2DE}.Debug|x64.ActiveCfg = Debug|Any CPU
		{3CA3AF06-9B05-4961-9263-A7C10E9AF2DE}.Debug|x64.Build.0 = Debug|Any CPU
		{3CA3AF06-9B05-4961-9263-A7C10E9AF2DE}.Debug|x86.ActiveCfg = Debug|Any CPU
		{3CA3AF06-9B05-4961-9263-A7C10E9AF2DE}.Debug|x86.Build.0 = Debug|Any CPU
		{3CA3AF06-9B05-4961-9263-A7C10E9AF2DE}.Release|Any CPU.ActiveCfg = Release|Any CPU
		{3CA3AF06-9B05-4961-9263-A7C10E9AF2DE}.Release|Any CPU.Build.0 = Release|Any CPU
		{3CA3AF06-9B05-4961-9263-A7C10E9AF2DE}.Release|x64.ActiveCfg = Release|Any CPU
		{3CA3AF06-9B05-4961-9263-A7C10E9AF2DE}.Release|x64.Build.0 = Release|Any CPU
		{3CA3AF06-9B05-4961-9263-A7C10E9AF2DE}.Release|x86.ActiveCfg = Release|Any CPU
		{3CA3AF06-9B05-4961-9263-A7C10E9AF2DE}.Release|x86.Build.0 = Release|Any CPU
		{B251BB33-D9F6-4F1B-842E-4E9BDB27707E}.Debug|Any CPU.ActiveCfg = Debug|Any CPU
		{B251BB33-D9F6-4F1B-842E-4E9BDB27707E}.Debug|Any CPU.Build.0 = Debug|Any CPU
		{B251BB33-D9F6-4F1B-842E-4E9BDB27707E}.Debug|x64.ActiveCfg = Debug|Any CPU
		{B251BB33-D9F6-4F1B-842E-4E9BDB27707E}.Debug|x64.Build.0 = Debug|Any CPU
		{B251BB33-D9F6-4F1B-842E-4E9BDB27707E}.Debug|x86.ActiveCfg = Debug|Any CPU
		{B251BB33-D9F6-4F1B-842E-4E9BDB27707E}.Debug|x86.Build.0 = Debug|Any CPU
		{B251BB33-D9F6-4F1B-842E-4E9BDB27707E}.Release|Any CPU.ActiveCfg = Release|Any CPU
		{B251BB33-D9F6-4F1B-842E-4E9BDB27707E}.Release|Any CPU.Build.0 = Release|Any CPU
		{B251BB33-D9F6-4F1B-842E-4E9BDB27707E}.Release|x64.ActiveCfg = Release|Any CPU
		{B251BB33-D9F6-4F1B-842E-4E9BDB27707E}.Release|x64.Build.0 = Release|Any CPU
		{B251BB33-D9F6-4F1B-842E-4E9BDB27707E}.Release|x86.ActiveCfg = Release|Any CPU
		{B251BB33-D9F6-4F1B-842E-4E9BDB27707E}.Release|x86.Build.0 = Release|Any CPU
		{1D1A5D18-1623-4491-8D00-91E01E3D8BE7}.Debug|Any CPU.ActiveCfg = Debug|Any CPU
		{1D1A5D18-1623-4491-8D00-91E01E3D8BE7}.Debug|Any CPU.Build.0 = Debug|Any CPU
		{1D1A5D18-1623-4491-8D00-91E01E3D8BE7}.Debug|x64.ActiveCfg = Debug|Any CPU
		{1D1A5D18-1623-4491-8D00-91E01E3D8BE7}.Debug|x64.Build.0 = Debug|Any CPU
		{1D1A5D18-1623-4491-8D00-91E01E3D8BE7}.Debug|x86.ActiveCfg = Debug|Any CPU
		{1D1A5D18-1623-4491-8D00-91E01E3D8BE7}.Debug|x86.Build.0 = Debug|Any CPU
		{1D1A5D18-1623-4491-8D00-91E01E3D8BE7}.Release|Any CPU.ActiveCfg = Release|Any CPU
		{1D1A5D18-1623-4491-8D00-91E01E3D8BE7}.Release|Any CPU.Build.0 = Release|Any CPU
		{1D1A5D18-1623-4491-8D00-91E01E3D8BE7}.Release|x64.ActiveCfg = Release|Any CPU
		{1D1A5D18-1623-4491-8D00-91E01E3D8BE7}.Release|x64.Build.0 = Release|Any CPU
		{1D1A5D18-1623-4491-8D00-91E01E3D8BE7}.Release|x86.ActiveCfg = Release|Any CPU
		{1D1A5D18-1623-4491-8D00-91E01E3D8BE7}.Release|x86.Build.0 = Release|Any CPU
		{14B6DEF5-89AB-445D-8E9B-925663AE5642}.Debug|Any CPU.ActiveCfg = Debug|Any CPU
		{14B6DEF5-89AB-445D-8E9B-925663AE5642}.Debug|Any CPU.Build.0 = Debug|Any CPU
		{14B6DEF5-89AB-445D-8E9B-925663AE5642}.Debug|x64.ActiveCfg = Debug|Any CPU
		{14B6DEF5-89AB-445D-8E9B-925663AE5642}.Debug|x64.Build.0 = Debug|Any CPU
		{14B6DEF5-89AB-445D-8E9B-925663AE5642}.Debug|x86.ActiveCfg = Debug|Any CPU
		{14B6DEF5-89AB-445D-8E9B-925663AE5642}.Debug|x86.Build.0 = Debug|Any CPU
		{14B6DEF5-89AB-445D-8E9B-925663AE5642}.Release|Any CPU.ActiveCfg = Release|Any CPU
		{14B6DEF5-89AB-445D-8E9B-925663AE5642}.Release|Any CPU.Build.0 = Release|Any CPU
		{14B6DEF5-89AB-445D-8E9B-925663AE5642}.Release|x64.ActiveCfg = Release|Any CPU
		{14B6DEF5-89AB-445D-8E9B-925663AE5642}.Release|x64.Build.0 = Release|Any CPU
		{14B6DEF5-89AB-445D-8E9B-925663AE5642}.Release|x86.ActiveCfg = Release|Any CPU
		{14B6DEF5-89AB-445D-8E9B-925663AE5642}.Release|x86.Build.0 = Release|Any CPU
		{2ACAF61D-9285-45B2-BF2E-9C0F8178FE58}.Debug|Any CPU.ActiveCfg = Debug|Any CPU
		{2ACAF61D-9285-45B2-BF2E-9C0F8178FE58}.Debug|Any CPU.Build.0 = Debug|Any CPU
		{2ACAF61D-9285-45B2-BF2E-9C0F8178FE58}.Debug|x64.ActiveCfg = Debug|Any CPU
		{2ACAF61D-9285-45B2-BF2E-9C0F8178FE58}.Debug|x64.Build.0 = Debug|Any CPU
		{2ACAF61D-9285-45B2-BF2E-9C0F8178FE58}.Debug|x86.ActiveCfg = Debug|Any CPU
		{2ACAF61D-9285-45B2-BF2E-9C0F8178FE58}.Debug|x86.Build.0 = Debug|Any CPU
		{2ACAF61D-9285-45B2-BF2E-9C0F8178FE58}.Release|Any CPU.ActiveCfg = Release|Any CPU
		{2ACAF61D-9285-45B2-BF2E-9C0F8178FE58}.Release|Any CPU.Build.0 = Release|Any CPU
		{2ACAF61D-9285-45B2-BF2E-9C0F8178FE58}.Release|x64.ActiveCfg = Release|Any CPU
		{2ACAF61D-9285-45B2-BF2E-9C0F8178FE58}.Release|x64.Build.0 = Release|Any CPU
		{2ACAF61D-9285-45B2-BF2E-9C0F8178FE58}.Release|x86.ActiveCfg = Release|Any CPU
		{2ACAF61D-9285-45B2-BF2E-9C0F8178FE58}.Release|x86.Build.0 = Release|Any CPU
		{09C246FC-12E7-471A-AFF2-6978939DC578}.Debug|Any CPU.ActiveCfg = Debug|Any CPU
		{09C246FC-12E7-471A-AFF2-6978939DC578}.Debug|Any CPU.Build.0 = Debug|Any CPU
		{09C246FC-12E7-471A-AFF2-6978939DC578}.Debug|x64.ActiveCfg = Debug|Any CPU
		{09C246FC-12E7-471A-AFF2-6978939DC578}.Debug|x64.Build.0 = Debug|Any CPU
		{09C246FC-12E7-471A-AFF2-6978939DC578}.Debug|x86.ActiveCfg = Debug|Any CPU
		{09C246FC-12E7-471A-AFF2-6978939DC578}.Debug|x86.Build.0 = Debug|Any CPU
		{09C246FC-12E7-471A-AFF2-6978939DC578}.Release|Any CPU.ActiveCfg = Release|Any CPU
		{09C246FC-12E7-471A-AFF2-6978939DC578}.Release|Any CPU.Build.0 = Release|Any CPU
		{09C246FC-12E7-471A-AFF2-6978939DC578}.Release|x64.ActiveCfg = Release|Any CPU
		{09C246FC-12E7-471A-AFF2-6978939DC578}.Release|x64.Build.0 = Release|Any CPU
		{09C246FC-12E7-471A-AFF2-6978939DC578}.Release|x86.ActiveCfg = Release|Any CPU
		{09C246FC-12E7-471A-AFF2-6978939DC578}.Release|x86.Build.0 = Release|Any CPU
		{42BB137B-626C-408D-A34A-4A7B53A98D45}.Debug|Any CPU.ActiveCfg = Debug|Any CPU
		{42BB137B-626C-408D-A34A-4A7B53A98D45}.Debug|Any CPU.Build.0 = Debug|Any CPU
		{42BB137B-626C-408D-A34A-4A7B53A98D45}.Debug|x64.ActiveCfg = Debug|Any CPU
		{42BB137B-626C-408D-A34A-4A7B53A98D45}.Debug|x64.Build.0 = Debug|Any CPU
		{42BB137B-626C-408D-A34A-4A7B53A98D45}.Debug|x86.ActiveCfg = Debug|Any CPU
		{42BB137B-626C-408D-A34A-4A7B53A98D45}.Debug|x86.Build.0 = Debug|Any CPU
		{42BB137B-626C-408D-A34A-4A7B53A98D45}.Release|Any CPU.ActiveCfg = Release|Any CPU
		{42BB137B-626C-408D-A34A-4A7B53A98D45}.Release|Any CPU.Build.0 = Release|Any CPU
		{42BB137B-626C-408D-A34A-4A7B53A98D45}.Release|x64.ActiveCfg = Release|Any CPU
		{42BB137B-626C-408D-A34A-4A7B53A98D45}.Release|x64.Build.0 = Release|Any CPU
		{42BB137B-626C-408D-A34A-4A7B53A98D45}.Release|x86.ActiveCfg = Release|Any CPU
		{42BB137B-626C-408D-A34A-4A7B53A98D45}.Release|x86.Build.0 = Release|Any CPU
		{05B1E9CA-099F-4F7D-80A8-33ACF866D764}.Debug|Any CPU.ActiveCfg = Debug|Any CPU
		{05B1E9CA-099F-4F7D-80A8-33ACF866D764}.Debug|Any CPU.Build.0 = Debug|Any CPU
		{05B1E9CA-099F-4F7D-80A8-33ACF866D764}.Debug|x64.ActiveCfg = Debug|Any CPU
		{05B1E9CA-099F-4F7D-80A8-33ACF866D764}.Debug|x64.Build.0 = Debug|Any CPU
		{05B1E9CA-099F-4F7D-80A8-33ACF866D764}.Debug|x86.ActiveCfg = Debug|Any CPU
		{05B1E9CA-099F-4F7D-80A8-33ACF866D764}.Debug|x86.Build.0 = Debug|Any CPU
		{05B1E9CA-099F-4F7D-80A8-33ACF866D764}.Release|Any CPU.ActiveCfg = Release|Any CPU
		{05B1E9CA-099F-4F7D-80A8-33ACF866D764}.Release|Any CPU.Build.0 = Release|Any CPU
		{05B1E9CA-099F-4F7D-80A8-33ACF866D764}.Release|x64.ActiveCfg = Release|Any CPU
		{05B1E9CA-099F-4F7D-80A8-33ACF866D764}.Release|x64.Build.0 = Release|Any CPU
		{05B1E9CA-099F-4F7D-80A8-33ACF866D764}.Release|x86.ActiveCfg = Release|Any CPU
		{05B1E9CA-099F-4F7D-80A8-33ACF866D764}.Release|x86.Build.0 = Release|Any CPU
		{CD487F2D-9CCE-4F44-A150-A05FE7DE06F2}.Debug|Any CPU.ActiveCfg = Debug|Any CPU
		{CD487F2D-9CCE-4F44-A150-A05FE7DE06F2}.Debug|Any CPU.Build.0 = Debug|Any CPU
		{CD487F2D-9CCE-4F44-A150-A05FE7DE06F2}.Debug|x64.ActiveCfg = Debug|Any CPU
		{CD487F2D-9CCE-4F44-A150-A05FE7DE06F2}.Debug|x64.Build.0 = Debug|Any CPU
		{CD487F2D-9CCE-4F44-A150-A05FE7DE06F2}.Debug|x86.ActiveCfg = Debug|Any CPU
		{CD487F2D-9CCE-4F44-A150-A05FE7DE06F2}.Debug|x86.Build.0 = Debug|Any CPU
		{CD487F2D-9CCE-4F44-A150-A05FE7DE06F2}.Release|Any CPU.ActiveCfg = Release|Any CPU
		{CD487F2D-9CCE-4F44-A150-A05FE7DE06F2}.Release|Any CPU.Build.0 = Release|Any CPU
		{CD487F2D-9CCE-4F44-A150-A05FE7DE06F2}.Release|x64.ActiveCfg = Release|Any CPU
		{CD487F2D-9CCE-4F44-A150-A05FE7DE06F2}.Release|x64.Build.0 = Release|Any CPU
		{CD487F2D-9CCE-4F44-A150-A05FE7DE06F2}.Release|x86.ActiveCfg = Release|Any CPU
		{CD487F2D-9CCE-4F44-A150-A05FE7DE06F2}.Release|x86.Build.0 = Release|Any CPU
		{E214B4C0-3547-406E-8EF8-4A0344B68529}.Debug|Any CPU.ActiveCfg = Debug|Any CPU
		{E214B4C0-3547-406E-8EF8-4A0344B68529}.Debug|Any CPU.Build.0 = Debug|Any CPU
		{E214B4C0-3547-406E-8EF8-4A0344B68529}.Debug|x64.ActiveCfg = Debug|Any CPU
		{E214B4C0-3547-406E-8EF8-4A0344B68529}.Debug|x64.Build.0 = Debug|Any CPU
		{E214B4C0-3547-406E-8EF8-4A0344B68529}.Debug|x86.ActiveCfg = Debug|Any CPU
		{E214B4C0-3547-406E-8EF8-4A0344B68529}.Debug|x86.Build.0 = Debug|Any CPU
		{E214B4C0-3547-406E-8EF8-4A0344B68529}.Release|Any CPU.ActiveCfg = Release|Any CPU
		{E214B4C0-3547-406E-8EF8-4A0344B68529}.Release|Any CPU.Build.0 = Release|Any CPU
		{E214B4C0-3547-406E-8EF8-4A0344B68529}.Release|x64.ActiveCfg = Release|Any CPU
		{E214B4C0-3547-406E-8EF8-4A0344B68529}.Release|x64.Build.0 = Release|Any CPU
		{E214B4C0-3547-406E-8EF8-4A0344B68529}.Release|x86.ActiveCfg = Release|Any CPU
		{E214B4C0-3547-406E-8EF8-4A0344B68529}.Release|x86.Build.0 = Release|Any CPU
		{D469F4C7-6808-4727-BD9D-4A9FB50E57C9}.Debug|Any CPU.ActiveCfg = Debug|Any CPU
		{D469F4C7-6808-4727-BD9D-4A9FB50E57C9}.Debug|Any CPU.Build.0 = Debug|Any CPU
		{D469F4C7-6808-4727-BD9D-4A9FB50E57C9}.Debug|x64.ActiveCfg = Debug|Any CPU
		{D469F4C7-6808-4727-BD9D-4A9FB50E57C9}.Debug|x64.Build.0 = Debug|Any CPU
		{D469F4C7-6808-4727-BD9D-4A9FB50E57C9}.Debug|x86.ActiveCfg = Debug|Any CPU
		{D469F4C7-6808-4727-BD9D-4A9FB50E57C9}.Debug|x86.Build.0 = Debug|Any CPU
		{D469F4C7-6808-4727-BD9D-4A9FB50E57C9}.Release|Any CPU.ActiveCfg = Release|Any CPU
		{D469F4C7-6808-4727-BD9D-4A9FB50E57C9}.Release|Any CPU.Build.0 = Release|Any CPU
		{D469F4C7-6808-4727-BD9D-4A9FB50E57C9}.Release|x64.ActiveCfg = Release|Any CPU
		{D469F4C7-6808-4727-BD9D-4A9FB50E57C9}.Release|x64.Build.0 = Release|Any CPU
		{D469F4C7-6808-4727-BD9D-4A9FB50E57C9}.Release|x86.ActiveCfg = Release|Any CPU
		{D469F4C7-6808-4727-BD9D-4A9FB50E57C9}.Release|x86.Build.0 = Release|Any CPU
		{06015934-FD4A-485F-B9C8-AD57937F42EC}.Debug|Any CPU.ActiveCfg = Debug|Any CPU
		{06015934-FD4A-485F-B9C8-AD57937F42EC}.Debug|Any CPU.Build.0 = Debug|Any CPU
		{06015934-FD4A-485F-B9C8-AD57937F42EC}.Debug|x64.ActiveCfg = Debug|Any CPU
		{06015934-FD4A-485F-B9C8-AD57937F42EC}.Debug|x64.Build.0 = Debug|Any CPU
		{06015934-FD4A-485F-B9C8-AD57937F42EC}.Debug|x86.ActiveCfg = Debug|Any CPU
		{06015934-FD4A-485F-B9C8-AD57937F42EC}.Debug|x86.Build.0 = Debug|Any CPU
		{06015934-FD4A-485F-B9C8-AD57937F42EC}.Release|Any CPU.ActiveCfg = Release|Any CPU
		{06015934-FD4A-485F-B9C8-AD57937F42EC}.Release|Any CPU.Build.0 = Release|Any CPU
		{06015934-FD4A-485F-B9C8-AD57937F42EC}.Release|x64.ActiveCfg = Release|Any CPU
		{06015934-FD4A-485F-B9C8-AD57937F42EC}.Release|x64.Build.0 = Release|Any CPU
		{06015934-FD4A-485F-B9C8-AD57937F42EC}.Release|x86.ActiveCfg = Release|Any CPU
		{06015934-FD4A-485F-B9C8-AD57937F42EC}.Release|x86.Build.0 = Release|Any CPU
		{D085261C-7260-4988-8F2C-3A3D9DBEA3EF}.Debug|Any CPU.ActiveCfg = Debug|Any CPU
		{D085261C-7260-4988-8F2C-3A3D9DBEA3EF}.Debug|Any CPU.Build.0 = Debug|Any CPU
		{D085261C-7260-4988-8F2C-3A3D9DBEA3EF}.Debug|x64.ActiveCfg = Debug|Any CPU
		{D085261C-7260-4988-8F2C-3A3D9DBEA3EF}.Debug|x64.Build.0 = Debug|Any CPU
		{D085261C-7260-4988-8F2C-3A3D9DBEA3EF}.Debug|x86.ActiveCfg = Debug|Any CPU
		{D085261C-7260-4988-8F2C-3A3D9DBEA3EF}.Debug|x86.Build.0 = Debug|Any CPU
		{D085261C-7260-4988-8F2C-3A3D9DBEA3EF}.Release|Any CPU.ActiveCfg = Release|Any CPU
		{D085261C-7260-4988-8F2C-3A3D9DBEA3EF}.Release|Any CPU.Build.0 = Release|Any CPU
		{D085261C-7260-4988-8F2C-3A3D9DBEA3EF}.Release|x64.ActiveCfg = Release|Any CPU
		{D085261C-7260-4988-8F2C-3A3D9DBEA3EF}.Release|x64.Build.0 = Release|Any CPU
		{D085261C-7260-4988-8F2C-3A3D9DBEA3EF}.Release|x86.ActiveCfg = Release|Any CPU
		{D085261C-7260-4988-8F2C-3A3D9DBEA3EF}.Release|x86.Build.0 = Release|Any CPU
		{0D0B2AD2-6753-414E-B4E9-07320A8A5CEA}.Debug|Any CPU.ActiveCfg = Debug|Any CPU
		{0D0B2AD2-6753-414E-B4E9-07320A8A5CEA}.Debug|Any CPU.Build.0 = Debug|Any CPU
		{0D0B2AD2-6753-414E-B4E9-07320A8A5CEA}.Debug|x64.ActiveCfg = Debug|Any CPU
		{0D0B2AD2-6753-414E-B4E9-07320A8A5CEA}.Debug|x64.Build.0 = Debug|Any CPU
		{0D0B2AD2-6753-414E-B4E9-07320A8A5CEA}.Debug|x86.ActiveCfg = Debug|Any CPU
		{0D0B2AD2-6753-414E-B4E9-07320A8A5CEA}.Debug|x86.Build.0 = Debug|Any CPU
		{0D0B2AD2-6753-414E-B4E9-07320A8A5CEA}.Release|Any CPU.ActiveCfg = Release|Any CPU
		{0D0B2AD2-6753-414E-B4E9-07320A8A5CEA}.Release|Any CPU.Build.0 = Release|Any CPU
		{0D0B2AD2-6753-414E-B4E9-07320A8A5CEA}.Release|x64.ActiveCfg = Release|Any CPU
		{0D0B2AD2-6753-414E-B4E9-07320A8A5CEA}.Release|x64.Build.0 = Release|Any CPU
		{0D0B2AD2-6753-414E-B4E9-07320A8A5CEA}.Release|x86.ActiveCfg = Release|Any CPU
		{0D0B2AD2-6753-414E-B4E9-07320A8A5CEA}.Release|x86.Build.0 = Release|Any CPU
		{8CFC8B28-30B4-41D2-9EEF-2AA0BC1D22B4}.Debug|Any CPU.ActiveCfg = Debug|Any CPU
		{8CFC8B28-30B4-41D2-9EEF-2AA0BC1D22B4}.Debug|Any CPU.Build.0 = Debug|Any CPU
		{8CFC8B28-30B4-41D2-9EEF-2AA0BC1D22B4}.Debug|x64.ActiveCfg = Debug|Any CPU
		{8CFC8B28-30B4-41D2-9EEF-2AA0BC1D22B4}.Debug|x64.Build.0 = Debug|Any CPU
		{8CFC8B28-30B4-41D2-9EEF-2AA0BC1D22B4}.Debug|x86.ActiveCfg = Debug|Any CPU
		{8CFC8B28-30B4-41D2-9EEF-2AA0BC1D22B4}.Debug|x86.Build.0 = Debug|Any CPU
		{8CFC8B28-30B4-41D2-9EEF-2AA0BC1D22B4}.Release|Any CPU.ActiveCfg = Release|Any CPU
		{8CFC8B28-30B4-41D2-9EEF-2AA0BC1D22B4}.Release|Any CPU.Build.0 = Release|Any CPU
		{8CFC8B28-30B4-41D2-9EEF-2AA0BC1D22B4}.Release|x64.ActiveCfg = Release|Any CPU
		{8CFC8B28-30B4-41D2-9EEF-2AA0BC1D22B4}.Release|x64.Build.0 = Release|Any CPU
		{8CFC8B28-30B4-41D2-9EEF-2AA0BC1D22B4}.Release|x86.ActiveCfg = Release|Any CPU
		{8CFC8B28-30B4-41D2-9EEF-2AA0BC1D22B4}.Release|x86.Build.0 = Release|Any CPU
		{4504D379-455C-4B26-B72A-3BEF83E02F56}.Debug|Any CPU.ActiveCfg = Debug|Any CPU
		{4504D379-455C-4B26-B72A-3BEF83E02F56}.Debug|Any CPU.Build.0 = Debug|Any CPU
		{4504D379-455C-4B26-B72A-3BEF83E02F56}.Debug|x64.ActiveCfg = Debug|Any CPU
		{4504D379-455C-4B26-B72A-3BEF83E02F56}.Debug|x64.Build.0 = Debug|Any CPU
		{4504D379-455C-4B26-B72A-3BEF83E02F56}.Debug|x86.ActiveCfg = Debug|Any CPU
		{4504D379-455C-4B26-B72A-3BEF83E02F56}.Debug|x86.Build.0 = Debug|Any CPU
		{4504D379-455C-4B26-B72A-3BEF83E02F56}.Release|Any CPU.ActiveCfg = Release|Any CPU
		{4504D379-455C-4B26-B72A-3BEF83E02F56}.Release|Any CPU.Build.0 = Release|Any CPU
		{4504D379-455C-4B26-B72A-3BEF83E02F56}.Release|x64.ActiveCfg = Release|Any CPU
		{4504D379-455C-4B26-B72A-3BEF83E02F56}.Release|x64.Build.0 = Release|Any CPU
		{4504D379-455C-4B26-B72A-3BEF83E02F56}.Release|x86.ActiveCfg = Release|Any CPU
		{4504D379-455C-4B26-B72A-3BEF83E02F56}.Release|x86.Build.0 = Release|Any CPU
		{EFCEA67B-8B29-4A2C-A0DF-DCE6635694E8}.Debug|Any CPU.ActiveCfg = Debug|Any CPU
		{EFCEA67B-8B29-4A2C-A0DF-DCE6635694E8}.Debug|Any CPU.Build.0 = Debug|Any CPU
		{EFCEA67B-8B29-4A2C-A0DF-DCE6635694E8}.Debug|x64.ActiveCfg = Debug|Any CPU
		{EFCEA67B-8B29-4A2C-A0DF-DCE6635694E8}.Debug|x64.Build.0 = Debug|Any CPU
		{EFCEA67B-8B29-4A2C-A0DF-DCE6635694E8}.Debug|x86.ActiveCfg = Debug|Any CPU
		{EFCEA67B-8B29-4A2C-A0DF-DCE6635694E8}.Debug|x86.Build.0 = Debug|Any CPU
		{EFCEA67B-8B29-4A2C-A0DF-DCE6635694E8}.Release|Any CPU.ActiveCfg = Release|Any CPU
		{EFCEA67B-8B29-4A2C-A0DF-DCE6635694E8}.Release|Any CPU.Build.0 = Release|Any CPU
		{EFCEA67B-8B29-4A2C-A0DF-DCE6635694E8}.Release|x64.ActiveCfg = Release|Any CPU
		{EFCEA67B-8B29-4A2C-A0DF-DCE6635694E8}.Release|x64.Build.0 = Release|Any CPU
		{EFCEA67B-8B29-4A2C-A0DF-DCE6635694E8}.Release|x86.ActiveCfg = Release|Any CPU
		{EFCEA67B-8B29-4A2C-A0DF-DCE6635694E8}.Release|x86.Build.0 = Release|Any CPU
	EndGlobalSection
EndGlobal
