{
  "version": 1,
  "dependencies": {
    ".NETFramework,Version=v4.7.1": {
      "FakeItEasy": {
        "type": "Direct",
        "requested": "[6.1.0, )",
        "resolved": "6.1.0",
        "contentHash": "dRoEKHLKqNer4Qe5R77jzJLKUhFhNU1Fue85CHgugiUHinOS2sUl5NadKiL5xnffLClgt+MzvrT1VbEPdDwHRg==",
        "dependencies": {
          "Castle.Core": "4.3.1"
        }
      },
      "Microsoft.AspNet.WebApi.Client": {
        "type": "Direct",
        "requested": "[5.2.4, )",
        "resolved": "5.2.4",
        "contentHash": "OdBVC2bQWkf9qDd7Mt07ev4SwIdu6VmLBMTWC0D5cOP/HWSXyv/77otwtXVrAo42duNjvXOjzjP5oOI9m1+DTQ==",
        "dependencies": {
          "Newtonsoft.Json": "6.0.4"
        }
      },
      "Microsoft.NET.Test.Sdk": {
        "type": "Direct",
        "requested": "[16.5.0, )",
        "resolved": "16.5.0",
        "contentHash": "yHZOhVSPuGqgHi+KhHiAZqNY08avkQraXKvgKgDU8c/ztmGzw7gmukkv49EaTq6T3xmp4XroWk3gAlbJHMxl8w==",
        "dependencies": {
          "Microsoft.CodeCoverage": "16.5.0"
        }
      },
      "Moq": {
        "type": "Direct",
        "requested": "[4.14.2, )",
        "resolved": "4.14.2",
        "contentHash": "nUGhYbCIyUX2bWPlAYuSC4t1+vF6sEy7NAT+ef5r0Fm+RNKsfmMBLUSi+euuE/oWMLcwxv7S3fU7oLjMMqHxQQ==",
        "dependencies": {
          "Castle.Core": "4.4.0",
          "System.Threading.Tasks.Extensions": "4.5.1"
        }
      },
      "NUnit": {
        "type": "Direct",
        "requested": "[3.12.0, )",
        "resolved": "3.12.0",
        "contentHash": "3oJTrcUcT9wmweBUwgUf0f1XIYy6RZq2ziV+RM95HMKAJGsHPN2i3MKK1dAPvDPMRLz799Llj4eyu/STB9Q7OA=="
      },
      "NUnit3TestAdapter": {
        "type": "Direct",
        "requested": "[3.16.0, )",
        "resolved": "3.16.0",
        "contentHash": "yK8Y7DYboIz1pSVvjPN4SGGzso8OW5ZZ06kqqkeF4AXKvAeNo2n1bm41mArKk94+lKrD5m6RaWKnvoFk/U+z5w=="
      },
      "System.Collections.Immutable": {
        "type": "Direct",
        "requested": "[1.7.1, )",
        "resolved": "1.7.1",
        "contentHash": "B43Zsz5EfMwyEbnObwRxW5u85fzJma3lrDeGcSAV1qkhSRTNY5uXAByTn9h9ddNdhM+4/YoLc/CI43umjwIl9Q==",
        "dependencies": {
          "System.Memory": "4.5.4"
        }
      },
      "Castle.Core": {
        "type": "Transitive",
        "resolved": "4.4.0",
        "contentHash": "b5rRL5zeaau1y/5hIbI+6mGw3cwun16YjkHZnV9RRT5UyUIFsgLmNXJ0YnIN9p8Hw7K7AbG1q1UclQVU3DinAQ=="
      },
      "JetBrains.Annotations": {
        "type": "Transitive",
        "resolved": "2020.1.0",
        "contentHash": "kD9D2ey3DGeLbfIzS8PkwLFkcF5vCOLk2rdjgfSxTfpoyovl7gAyoS6yq6T77zo9QgJGaVJ7PO/cSgLopnKlzg=="
      },
      "Microsoft.CodeCoverage": {
        "type": "Transitive",
        "resolved": "16.5.0",
        "contentHash": "PM5YLtyN45EyUGePJpaNogndlaQPrMgQQXHKMhMESC6KfSVvt+j7+dxBi8NYC6X6dZVysf7ngwhSW3wwvPJRSQ=="
      },
      "Microsoft.EntityFrameworkCore": {
        "type": "Transitive",
        "resolved": "2.2.0",
        "contentHash": "xfDHe+J94oz2d+ESDU8u+96iSfsiPwpgYGPRSp/bato0Ekjz5kYs61u9mS0GN5t8n/wxc5P3uEJm1x7TfROxhQ==",
        "dependencies": {
          "Microsoft.EntityFrameworkCore.Abstractions": "2.2.0",
          "Microsoft.EntityFrameworkCore.Analyzers": "2.2.0",
          "Microsoft.Extensions.Caching.Memory": "2.2.0",
          "Microsoft.Extensions.DependencyInjection": "2.2.0",
          "Microsoft.Extensions.Logging": "2.2.0",
          "Remotion.Linq": "2.2.0",
          "System.Collections.Immutable": "1.5.0",
          "System.ComponentModel.Annotations": "4.5.0",
          "System.Diagnostics.DiagnosticSource": "4.5.0",
          "System.Interactive.Async": "3.2.0"
        }
      },
      "Microsoft.EntityFrameworkCore.Abstractions": {
        "type": "Transitive",
        "resolved": "2.2.0",
        "contentHash": "/js/H09B8MQGoPDFzJoaAealyL66g4vKf7DVcdBYcxgKztkttjZbRzSWKF9PZZFyfBl9Ia/BiStM70t7kjgMpg=="
      },
      "Microsoft.EntityFrameworkCore.Analyzers": {
        "type": "Transitive",
        "resolved": "2.2.0",
        "contentHash": "/1rw3toRCal80Ch51lIjuf/0WfW9ZGB4eRY1y6GOcOoOvnMXXXt+4xMRw/0k0kIwHsWUNXUpw73jf40/Pe+ZYA=="
      },
      "Microsoft.EntityFrameworkCore.Relational": {
        "type": "Transitive",
        "resolved": "2.2.0",
        "contentHash": "CRJHHp/GqmXByeeODgbDgMDWId9kKT9TDRzHF8voWHFNTajBQl0U4jaMrHxjIP6hJ2olF8n+5GYmQv+v3bUVKQ==",
        "dependencies": {
          "Microsoft.EntityFrameworkCore": "2.2.0"
        }
      },
      "Microsoft.EntityFrameworkCore.SqlServer": {
        "type": "Transitive",
        "resolved": "2.2.0",
        "contentHash": "rCGBF6Hab9633Dh2xtiAcJnDxf2CjaBrGyoagoCoYHH5Ftbdw5zX/e9ABgif5ngzh7DsrBcgxK/3gHBZ2n+TGA==",
        "dependencies": {
          "Microsoft.EntityFrameworkCore.Relational": "2.2.0",
          "System.Data.SqlClient": "4.6.0"
        }
      },
      "Microsoft.Extensions.Caching.Abstractions": {
        "type": "Transitive",
        "resolved": "2.2.0",
        "contentHash": "spsJkYo8gGJapaxTSQFN/wqA+ghpJMLwB4ZyTB+fSdpd7AmMFP/YSpIcGmczcw4KggpxLGhLk7lCkSIlgvHaqQ==",
        "dependencies": {
          "Microsoft.Extensions.Primitives": "2.2.0"
        }
      },
      "Microsoft.Extensions.Caching.Memory": {
        "type": "Transitive",
        "resolved": "2.2.0",
        "contentHash": "yFs44RzB2Pzfoj4uk+mEz3MTTQKyeWb8gDhv5GyVPfHnLv0eQhGwzbw/5WpxAcVyOgG/H3/0ULY6g0/7/B+r7w==",
        "dependencies": {
          "Microsoft.Extensions.Caching.Abstractions": "2.2.0",
          "Microsoft.Extensions.DependencyInjection.Abstractions": "2.2.0",
          "Microsoft.Extensions.Options": "2.2.0"
        }
      },
      "Microsoft.Extensions.Configuration": {
        "type": "Transitive",
        "resolved": "2.2.0",
        "contentHash": "nOP8R1mVb/6mZtm2qgAJXn/LFm/2kMjHDAg/QJLFG6CuWYJtaD3p1BwQhufBVvRzL9ceJ/xF0SQ0qsI2GkDQAA==",
        "dependencies": {
          "Microsoft.Extensions.Configuration.Abstractions": "2.2.0"
        }
      },
      "Microsoft.Extensions.Configuration.Abstractions": {
        "type": "Transitive",
        "resolved": "2.2.0",
        "contentHash": "65MrmXCziWaQFrI0UHkQbesrX5wTwf9XPjY5yFm/VkgJKFJ5gqvXRoXjIZcf2wLi5ZlwGz/oMYfyURVCWbM5iw==",
        "dependencies": {
          "Microsoft.Extensions.Primitives": "2.2.0"
        }
      },
      "Microsoft.Extensions.Configuration.Binder": {
        "type": "Transitive",
        "resolved": "2.2.0",
        "contentHash": "vJ9xvOZCnUAIHcGC3SU35r3HKmHTVIeHzo6u/qzlHAqD8m6xv92MLin4oJntTvkpKxVX3vI1GFFkIQtU3AdlsQ==",
        "dependencies": {
          "Microsoft.Extensions.Configuration": "2.2.0"
        }
      },
      "Microsoft.Extensions.DependencyInjection": {
        "type": "Transitive",
        "resolved": "2.2.0",
        "contentHash": "MZtBIwfDFork5vfjpJdG5g8wuJFt7d/y3LOSVVtDK/76wlbtz6cjltfKHqLx2TKVqTj5/c41t77m1+h20zqtPA==",
        "dependencies": {
          "Microsoft.Extensions.DependencyInjection.Abstractions": "2.2.0"
        }
      },
      "Microsoft.Extensions.DependencyInjection.Abstractions": {
        "type": "Transitive",
        "resolved": "2.2.0",
        "contentHash": "f9hstgjVmr6rmrfGSpfsVOl2irKAgr1QjrSi3FgnS7kulxband50f2brRLwySAQTADPZeTdow0mpSMcoAdadCw=="
      },
      "Microsoft.Extensions.Logging": {
        "type": "Transitive",
        "resolved": "2.2.0",
        "contentHash": "Nxqhadc9FCmFHzU+fz3oc8sFlE6IadViYg8dfUdGzJZ2JUxnCsRghBhhOWdM4B2zSZqEc+0BjliBh/oNdRZuig==",
        "dependencies": {
          "Microsoft.Extensions.Configuration.Binder": "2.2.0",
          "Microsoft.Extensions.DependencyInjection.Abstractions": "2.2.0",
          "Microsoft.Extensions.Logging.Abstractions": "2.2.0",
          "Microsoft.Extensions.Options": "2.2.0"
        }
      },
      "Microsoft.Extensions.Logging.Abstractions": {
        "type": "Transitive",
        "resolved": "2.2.0",
        "contentHash": "B2WqEox8o+4KUOpL7rZPyh6qYjik8tHi2tN8Z9jZkHzED8ElYgZa/h6K+xliB435SqUcWT290Fr2aa8BtZjn8A=="
      },
      "Microsoft.Extensions.Options": {
        "type": "Transitive",
        "resolved": "2.2.0",
        "contentHash": "UpZLNLBpIZ0GTebShui7xXYh6DmBHjWM8NxGxZbdQh/bPZ5e6YswqI+bru6BnEL5eWiOdodsXtEz3FROcgi/qg==",
        "dependencies": {
          "Microsoft.Extensions.DependencyInjection.Abstractions": "2.2.0",
          "Microsoft.Extensions.Primitives": "2.2.0",
          "System.ComponentModel.Annotations": "4.5.0"
        }
      },
      "Microsoft.Extensions.Primitives": {
        "type": "Transitive",
        "resolved": "2.2.0",
        "contentHash": "azyQtqbm4fSaDzZHD/J+V6oWMFaf2tWP4WEGIYePLCMw3+b2RQdj9ybgbQyjCshcitQKQ4lEDOZjmSlTTrHxUg==",
        "dependencies": {
          "System.Memory": "4.5.1",
          "System.Runtime.CompilerServices.Unsafe": "4.5.1"
        }
      },
      "Newtonsoft.Json": {
        "type": "Transitive",
        "resolved": "6.0.4",
        "contentHash": "FyQLmEpjsCrEP+znauLDGAi+h6i9YnaMkITlfIoiM4RYyX3nki306bTHsr/0okiIvIc7BJhQTbOAIZVocccFUw=="
      },
      "Remotion.Linq": {
        "type": "Transitive",
        "resolved": "2.2.0",
        "contentHash": "fK/76UmpC0FXBlGDFVPLJHQlDLYnGC+XY3eoDgCgbtrhi0vzbXDQ3n/IYHhqSKqXQfGw/u04A1drWs7rFVkRjw=="
      },
      "sbe-tool": {
        "type": "Transitive",
        "resolved": "1.13.1",
        "contentHash": "lLtZA13Fmgm4qrETeHq76KZbmc6e1HvJZdyDhBkebZK/wf7QXDNkJrblXQrPprqzJS9SlYL3xqDw3fPFe1Dm0Q==",
        "dependencies": {
          "System.Memory": "4.5.3"
        }
      },
      "System.Buffers": {
        "type": "Transitive",
        "resolved": "4.5.1",
        "contentHash": "Rw7ijyl1qqRS0YQD/WycNst8hUUMgrMH4FCn1nNm27M4VxchZ1js3fVjQaANHO5f3sN4isvP4a+Met9Y4YomAg=="
      },
      "System.ComponentModel.Annotations": {
        "type": "Transitive",
        "resolved": "4.5.0",
        "contentHash": "UxYQ3FGUOtzJ7LfSdnYSFd7+oEv6M8NgUatatIN2HxNtDdlcvFAf+VIq4Of9cDMJEJC0aSRv/x898RYhB4Yppg=="
      },
      "System.Data.SqlClient": {
        "type": "Transitive",
        "resolved": "4.6.0",
        "contentHash": "gwItUWW1BMCckicFO85c8frFaMK8SGqYn5IeA3GSX4Lmid+CjXETfoHz7Uv+Vx6L0No7iRc/7cBL8gd6o9k9/g=="
      },
      "System.Diagnostics.DiagnosticSource": {
        "type": "Transitive",
        "resolved": "4.5.0",
        "contentHash": "eIHRELiYDQvsMToML81QFkXEEYXUSUT2F28t1SGrevWqP+epFdw80SyAXIKTXOHrIEXReFOEnEr7XlGiC2GgOg=="
      },
      "System.Interactive.Async": {
        "type": "Transitive",
        "resolved": "3.2.0",
        "contentHash": "C07p0dAA5lGqYUPiPCK3paR709gqS4aMDDsje0v0pvffwzLaxmsn5YQTfZbyNG5qrudPx+BCxTqISnncQ3wIoQ=="
      },
      "System.Memory": {
        "type": "Transitive",
        "resolved": "4.5.4",
        "contentHash": "1MbJTHS1lZ4bS4FmsJjnuGJOu88ZzTT2rLvrhW7Ygic+pC0NWA+3hgAen0HRdsocuQXCkUTdFn9yHJJhsijDXw==",
        "dependencies": {
          "System.Buffers": "4.5.1",
          "System.Numerics.Vectors": "4.5.0",
          "System.Runtime.CompilerServices.Unsafe": "4.5.3"
        }
      },
      "System.Numerics.Vectors": {
        "type": "Transitive",
        "resolved": "4.5.0",
        "contentHash": "QQTlPTl06J/iiDbJCiepZ4H//BVraReU4O4EoRw1U02H5TLUIT7xn3GnDp9AXPSlJUDyFs4uWjWafNX6WrAojQ=="
      },
      "System.Runtime.CompilerServices.Unsafe": {
        "type": "Transitive",
        "resolved": "4.5.3",
        "contentHash": "3TIsJhD1EiiT0w2CcDMN/iSSwnNnsrnbzeVHSKkaEgV85txMprmuO+Yq2AdSbeVGcg28pdNDTPK87tJhX7VFHw=="
      },
      "System.Threading.Tasks.Extensions": {
        "type": "Transitive",
        "resolved": "4.5.1",
        "contentHash": "WSKUTtLhPR8gllzIWO2x6l4lmAIfbyMAiTlyXAis4QBDonXK4b4S6F8zGARX4/P8wH3DH+sLdhamCiHn+fTU1A==",
        "dependencies": {
          "System.Runtime.CompilerServices.Unsafe": "4.5.0"
        }
      },
      "project138": {
        "type": "Project",
        "dependencies": {
          "JetBrains.Annotations": "2020.1.0",
          "Project143": "1.0.0",
          "Project330": "1.0.0"
        }
      },
      "project143": {
        "type": "Project",
        "dependencies": {
          "System.Collections.Immutable": "1.7.1"
        }
      },
      "project144": {
        "type": "Project",
        "dependencies": {
          "FakeItEasy": "6.1.0",
          "Microsoft.NET.Test.Sdk": "16.5.0",
          "NUnit": "3.12.0",
          "NUnit3TestAdapter": "3.16.0",
          "Project138": "1.0.0",
          "Project143": "1.0.0",
          "Project145": "1.0.0",
          "System.Collections.Immutable": "1.7.1"
        }
      },
      "project145": {
        "type": "Project",
        "dependencies": {
          "JetBrains.Annotations": "2020.1.0",
          "Project138": "1.0.0",
          "Project143": "1.0.0",
          "Project171": "1.0.0",
          "Project330": "1.0.0",
          "System.Collections.Immutable": "1.7.1"
        }
      },
      "project171": {
        "type": "Project",
        "dependencies": {
          "JetBrains.Annotations": "2020.1.0",
          "Project138": "1.0.0",
          "Project143": "1.0.0",
          "System.Collections.Immutable": "1.7.1",
          "sbe-tool": "1.13.1"
        }
      },
      "project173": {
        "type": "Project",
        "dependencies": {
          "Project143": "1.0.0",
          "Project145": "1.0.0",
          "Project171": "1.0.0",
          "System.Collections.Immutable": "1.7.1"
        }
      },
      "project175": {
        "type": "Project",
        "dependencies": {
          "Microsoft.AspNet.WebApi.Client": "5.2.4",
          "Microsoft.EntityFrameworkCore.SqlServer": "2.2.0",
          "Project138": "1.0.0",
          "Project143": "1.0.0",
          "Project145": "1.0.0",
          "Project171": "1.0.0",
          "Project173": "1.0.0",
          "System.Collections.Immutable": "1.7.1"
        }
      },
      "project330": {
        "type": "Project"
      }
    }
  }
}