
Microsoft Visual Studio Solution File, Format Version 12.00
# Visual Studio Version 17
VisualStudioVersion = 17.0.31903.59
MinimumVisualStudioVersion = 10.0.40219.1
Project("{FAE04EC0-301F-11D3-BF4B-00C04F79EFBC}") = "lib1", "lib1\lib1.csproj", "{DD585E29-C2A9-4921-93A6-46C6D1C0C7BA}"
EndProject
Project("{FAE04EC0-301F-11D3-BF4B-00C04F79EFBC}") = "lib2", "lib2\lib2.csproj", "{1DE02010-EB44-431F-8BB5-247A0C19999D}"
EndProject
Project("{FAE04EC0-301F-11D3-BF4B-00C04F79EFBC}") = "lib3", "lib3\lib3.csproj", "{7DD075BC-62D4-4725-AA9F-AA8F1CA7E480}"
EndProject
Global
	GlobalSection(SolutionConfigurationPlatforms) = preSolution
		Debug|Any CPU = Debug|Any CPU
		Release|Any CPU = Release|Any CPU
	EndGlobalSection
	GlobalSection(SolutionProperties) = preSolution
		HideSolutionNode = FALSE
	EndGlobalSection
	GlobalSection(ProjectConfigurationPlatforms) = postSolution
		{DD585E29-C2A9-4921-93A6-46C6D1C0C7BA}.Debug|Any CPU.ActiveCfg = Debug|Any CPU
		{DD585E29-C2A9-4921-93A6-46C6D1C0C7BA}.Debug|Any CPU.Build.0 = Debug|Any CPU
		{DD585E29-C2A9-4921-93A6-46C6D1C0C7BA}.Release|Any CPU.ActiveCfg = Release|Any CPU
		{DD585E29-C2A9-4921-93A6-46C6D1C0C7BA}.Release|Any CPU.Build.0 = Release|Any CPU
		{1DE02010-EB44-431F-8BB5-247A0C19999D}.Debug|Any CPU.ActiveCfg = Debug|Any CPU
		{1DE02010-EB44-431F-8BB5-247A0C19999D}.Debug|Any CPU.Build.0 = Debug|Any CPU
		{1DE02010-EB44-431F-8BB5-247A0C19999D}.Release|Any CPU.ActiveCfg = Release|Any CPU
		{1DE02010-EB44-431F-8BB5-247A0C19999D}.Release|Any CPU.Build.0 = Release|Any CPU
		{7DD075BC-62D4-4725-AA9F-AA8F1CA7E480}.Debug|Any CPU.ActiveCfg = Debug|Any CPU
		{7DD075BC-62D4-4725-AA9F-AA8F1CA7E480}.Debug|Any CPU.Build.0 = Debug|Any CPU
		{7DD075BC-62D4-4725-AA9F-AA8F1CA7E480}.Release|Any CPU.ActiveCfg = Release|Any CPU
		{7DD075BC-62D4-4725-AA9F-AA8F1CA7E480}.Release|Any CPU.Build.0 = Release|Any CPU
	EndGlobalSection
EndGlobal
